// !$*UTF8*$!
{
	archiveVersion = 1;
	classes = {
	};
	objectVersion = 46;
	objects = {

/* Begin PBXBuildFile section */
		2304155C162D02EF001CC73B /* Twitter.framework in Frameworks */ = {isa = PBXBuildFile; fileRef = 23041559162D02E7001CC73B /* Twitter.framework */; };
		2304155F162D0DF2001CC73B /* share_icon.png in Resources */ = {isa = PBXBuildFile; fileRef = 2304155D162D0DF2001CC73B /* share_icon.png */; };
		23041560162D0DF2001CC73B /* share_icon@2x.png in Resources */ = {isa = PBXBuildFile; fileRef = 2304155E162D0DF2001CC73B /* share_icon@2x.png */; };
		23041569162D5FDC001CC73B /* fav_icon_selected.png in Resources */ = {isa = PBXBuildFile; fileRef = 23041565162D5FDC001CC73B /* fav_icon_selected.png */; };
		2304156A162D5FDC001CC73B /* fav_icon_selected@2x.png in Resources */ = {isa = PBXBuildFile; fileRef = 23041566162D5FDC001CC73B /* fav_icon_selected@2x.png */; };
		2304156B162D5FDC001CC73B /* fav_icon.png in Resources */ = {isa = PBXBuildFile; fileRef = 23041567162D5FDC001CC73B /* fav_icon.png */; };
		2304156C162D5FDC001CC73B /* fav_icon@2x.png in Resources */ = {isa = PBXBuildFile; fileRef = 23041568162D5FDC001CC73B /* fav_icon@2x.png */; };
		230F3E93165ED97800D5BBD3 /* MobileCoreServices.framework in Frameworks */ = {isa = PBXBuildFile; fileRef = 230F3E91165ED95F00D5BBD3 /* MobileCoreServices.framework */; };
		230F3E94165ED97800D5BBD3 /* SystemConfiguration.framework in Frameworks */ = {isa = PBXBuildFile; fileRef = 230F3E8E165ED95900D5BBD3 /* SystemConfiguration.framework */; };
		230F3EA4165F41F500D5BBD3 /* MUSAtoZIndexView.m in Sources */ = {isa = PBXBuildFile; fileRef = 230F3EA3165F41F500D5BBD3 /* MUSAtoZIndexView.m */; };
		235F3B1F162EA8530067B5AD /* MUSFavouriteScoreCollectionViewController.m in Sources */ = {isa = PBXBuildFile; fileRef = 235F3B1E162EA8530067B5AD /* MUSFavouriteScoreCollectionViewController.m */; };
		235F3B23162EA8850067B5AD /* MUSScoreCollectionViewController.m in Sources */ = {isa = PBXBuildFile; fileRef = 235F3B22162EA8850067B5AD /* MUSScoreCollectionViewController.m */; };
		235F3B26162EB42C0067B5AD /* MUSDecadeScoreCollectionViewController.m in Sources */ = {isa = PBXBuildFile; fileRef = 235F3B25162EB42C0067B5AD /* MUSDecadeScoreCollectionViewController.m */; };
		237428FE163A18CE005368CC /* MUSComposersTableViewController.m in Sources */ = {isa = PBXBuildFile; fileRef = 237428FD163A18CE005368CC /* MUSComposersTableViewController.m */; };
		23742902163BE7EE005368CC /* QuartzCore.framework in Frameworks */ = {isa = PBXBuildFile; fileRef = 23742900163BE7DF005368CC /* QuartzCore.framework */; };
		23788CE216437E3800519C8B /* MUSSplitViewController.m in Sources */ = {isa = PBXBuildFile; fileRef = 23788CE116437E3800519C8B /* MUSSplitViewController.m */; };
		2380F797163DFBEB001286EC /* MUSComposerCell.m in Sources */ = {isa = PBXBuildFile; fileRef = 2380F796163DFBEB001286EC /* MUSComposerCell.m */; };
		23828EF41632AD5D008D6166 /* NLAOpenArchiveController.m in Sources */ = {isa = PBXBuildFile; fileRef = 23828EF31632AD5D008D6166 /* NLAOpenArchiveController.m */; };
		23828EFB1632AF8F008D6166 /* NLAItemInformation.m in Sources */ = {isa = PBXBuildFile; fileRef = 23828EFA1632AF8F008D6166 /* NLAItemInformation.m */; };
		23925F76166B546E00EDCF7F /* nla.mus-an5892255-s1.jpg in Resources */ = {isa = PBXBuildFile; fileRef = 23925F6E166B546E00EDCF7F /* nla.mus-an5892255-s1.jpg */; };
		23925F77166B546E00EDCF7F /* nla.mus-an5892255-s1@2x.jpg in Resources */ = {isa = PBXBuildFile; fileRef = 23925F6F166B546E00EDCF7F /* nla.mus-an5892255-s1@2x.jpg */; };
		23925F78166B546E00EDCF7F /* nla.mus-an5892255-s2.jpg in Resources */ = {isa = PBXBuildFile; fileRef = 23925F70166B546E00EDCF7F /* nla.mus-an5892255-s2.jpg */; };
		23925F79166B546E00EDCF7F /* nla.mus-an5892255-s2@2x.jpg in Resources */ = {isa = PBXBuildFile; fileRef = 23925F71166B546E00EDCF7F /* nla.mus-an5892255-s2@2x.jpg */; };
		23925F7A166B546E00EDCF7F /* nla.mus-an5892255-s3.jpg in Resources */ = {isa = PBXBuildFile; fileRef = 23925F72166B546E00EDCF7F /* nla.mus-an5892255-s3.jpg */; };
		23925F7B166B546E00EDCF7F /* nla.mus-an5892255-s3@2x.jpg in Resources */ = {isa = PBXBuildFile; fileRef = 23925F73166B546E00EDCF7F /* nla.mus-an5892255-s3@2x.jpg */; };
		23925F7C166B546E00EDCF7F /* nla.mus-an5892255-s4.jpg in Resources */ = {isa = PBXBuildFile; fileRef = 23925F74166B546E00EDCF7F /* nla.mus-an5892255-s4.jpg */; };
		23925F7D166B546E00EDCF7F /* nla.mus-an5892255-s4@2x.jpg in Resources */ = {isa = PBXBuildFile; fileRef = 23925F75166B546E00EDCF7F /* nla.mus-an5892255-s4@2x.jpg */; };
		2394E94E1627C1CD00E5851E /* MUSFadeInSegue.m in Sources */ = {isa = PBXBuildFile; fileRef = 2394E94D1627C1CD00E5851E /* MUSFadeInSegue.m */; };
		2394E9511627C36800E5851E /* MUSScoreViewController.m in Sources */ = {isa = PBXBuildFile; fileRef = 2394E9501627C36800E5851E /* MUSScoreViewController.m */; };
		2394E95E162824C000E5851E /* MUSTimelineViewController.m in Sources */ = {isa = PBXBuildFile; fileRef = 2394E95D162824C000E5851E /* MUSTimelineViewController.m */; };
		2394E97F162BBD6E00E5851E /* NimbusPhotos.bundle in Resources */ = {isa = PBXBuildFile; fileRef = 2394E96B162BBD6E00E5851E /* NimbusPhotos.bundle */; };
		2394E980162BBD6E00E5851E /* NIPhotoAlbumScrollView.m in Sources */ = {isa = PBXBuildFile; fileRef = 2394E970162BBD6E00E5851E /* NIPhotoAlbumScrollView.m */; };
		2394E981162BBD6E00E5851E /* NIPhotoScrollView.m in Sources */ = {isa = PBXBuildFile; fileRef = 2394E974162BBD6E00E5851E /* NIPhotoScrollView.m */; };
		2394E982162BBD6E00E5851E /* NIPhotoScrubberView.m in Sources */ = {isa = PBXBuildFile; fileRef = 2394E978162BBD6E00E5851E /* NIPhotoScrubberView.m */; };
		2394E983162BBD6E00E5851E /* NIToolbarPhotoViewController.m in Sources */ = {isa = PBXBuildFile; fileRef = 2394E97A162BBD6E00E5851E /* NIToolbarPhotoViewController.m */; };
		2394E997162BBD8C00E5851E /* NIPageView.m in Sources */ = {isa = PBXBuildFile; fileRef = 2394E98D162BBD8C00E5851E /* NIPageView.m */; };
		2394E998162BBD8C00E5851E /* NIPagingScrollView.m in Sources */ = {isa = PBXBuildFile; fileRef = 2394E98F162BBD8C00E5851E /* NIPagingScrollView.m */; };
		2394E99D162BC05D00E5851E /* icon72.png in Resources */ = {isa = PBXBuildFile; fileRef = 2394E99B162BC05D00E5851E /* icon72.png */; };
		2394E99E162BC05D00E5851E /* icon144.png in Resources */ = {isa = PBXBuildFile; fileRef = 2394E99C162BC05D00E5851E /* icon144.png */; };
		239B825A166A07E100C2F9FC /* small_note.png in Resources */ = {isa = PBXBuildFile; fileRef = 239B8258166A07E100C2F9FC /* small_note.png */; };
		239B825B166A07E100C2F9FC /* small_note@2x.png in Resources */ = {isa = PBXBuildFile; fileRef = 239B8259166A07E100C2F9FC /* small_note@2x.png */; };
		239B8260166A101600C2F9FC /* Reachability.m in Sources */ = {isa = PBXBuildFile; fileRef = 239B825F166A101600C2F9FC /* Reachability.m */; settings = {COMPILER_FLAGS = "-fno-objc-arc"; }; };
		239B8263166A16EB00C2F9FC /* score_placeholder.png in Resources */ = {isa = PBXBuildFile; fileRef = 239B8261166A16EB00C2F9FC /* score_placeholder.png */; };
		239B8264166A16EB00C2F9FC /* score_placeholder@2x.png in Resources */ = {isa = PBXBuildFile; fileRef = 239B8262166A16EB00C2F9FC /* score_placeholder@2x.png */; };
		239B8276166B48E700C2F9FC /* Default-Portrait@2x~ipad.png in Resources */ = {isa = PBXBuildFile; fileRef = 239B8274166B48E700C2F9FC /* Default-Portrait@2x~ipad.png */; };
		239B8279166B4A6900C2F9FC /* Default-Portrait~ipad.png in Resources */ = {isa = PBXBuildFile; fileRef = 239B8278166B4A6900C2F9FC /* Default-Portrait~ipad.png */; };
		239D044F16267FFC0065BDEF /* data.sqlite in Resources */ = {isa = PBXBuildFile; fileRef = 239D044E16267FFC0065BDEF /* data.sqlite */; };
		239D0453162690CD0065BDEF /* MUSDataController.m in Sources */ = {isa = PBXBuildFile; fileRef = 239D0452162690CD0065BDEF /* MUSDataController.m */; };
		239D046216277B5D0065BDEF /* Page.m in Sources */ = {isa = PBXBuildFile; fileRef = 239D045D16277B5D0065BDEF /* Page.m */; };
		239D046316277B5D0065BDEF /* Score.m in Sources */ = {isa = PBXBuildFile; fileRef = 239D045F16277B5D0065BDEF /* Score.m */; };
		239D046816277B9D0065BDEF /* _Page.m in Sources */ = {isa = PBXBuildFile; fileRef = 239D046516277B9D0065BDEF /* _Page.m */; };
		239D046916277B9D0065BDEF /* _Score.m in Sources */ = {isa = PBXBuildFile; fileRef = 239D046716277B9D0065BDEF /* _Score.m */; };
		239D04AE162791CF0065BDEF /* NICommonMetrics.m in Sources */ = {isa = PBXBuildFile; fileRef = 239D0472162791CF0065BDEF /* NICommonMetrics.m */; };
		239D04AF162791CF0065BDEF /* NIDataStructures.m in Sources */ = {isa = PBXBuildFile; fileRef = 239D0474162791CF0065BDEF /* NIDataStructures.m */; };
		239D04B0162791CF0065BDEF /* NIDebuggingTools.m in Sources */ = {isa = PBXBuildFile; fileRef = 239D0476162791CF0065BDEF /* NIDebuggingTools.m */; };
		239D04B1162791CF0065BDEF /* NIDeviceOrientation.m in Sources */ = {isa = PBXBuildFile; fileRef = 239D0478162791CF0065BDEF /* NIDeviceOrientation.m */; };
		239D04B2162791CF0065BDEF /* NIError.m in Sources */ = {isa = PBXBuildFile; fileRef = 239D047A162791CF0065BDEF /* NIError.m */; };
		239D04B3162791CF0065BDEF /* NIFoundationMethods.m in Sources */ = {isa = PBXBuildFile; fileRef = 239D047C162791CF0065BDEF /* NIFoundationMethods.m */; };
		239D04B4162791CF0065BDEF /* NIInMemoryCache.m in Sources */ = {isa = PBXBuildFile; fileRef = 239D047E162791CF0065BDEF /* NIInMemoryCache.m */; };
		239D04B5162791CF0065BDEF /* NINavigationAppearance.m in Sources */ = {isa = PBXBuildFile; fileRef = 239D0483162791CF0065BDEF /* NINavigationAppearance.m */; };
		239D04B6162791CF0065BDEF /* NINetworkActivity.m in Sources */ = {isa = PBXBuildFile; fileRef = 239D0485162791CF0065BDEF /* NINetworkActivity.m */; };
		239D04B7162791CF0065BDEF /* NINonEmptyCollectionTesting.m in Sources */ = {isa = PBXBuildFile; fileRef = 239D0487162791CF0065BDEF /* NINonEmptyCollectionTesting.m */; };
		239D04B8162791CF0065BDEF /* NINonRetainingCollections.m in Sources */ = {isa = PBXBuildFile; fileRef = 239D0489162791CF0065BDEF /* NINonRetainingCollections.m */; };
		239D04B9162791CF0065BDEF /* NIOperations.m in Sources */ = {isa = PBXBuildFile; fileRef = 239D048C162791CF0065BDEF /* NIOperations.m */; };
		239D04BA162791CF0065BDEF /* NIPaths.m in Sources */ = {isa = PBXBuildFile; fileRef = 239D048E162791CF0065BDEF /* NIPaths.m */; };
		239D04BB162791CF0065BDEF /* NIRuntimeClassModifications.m in Sources */ = {isa = PBXBuildFile; fileRef = 239D0491162791CF0065BDEF /* NIRuntimeClassModifications.m */; };
		239D04BC162791CF0065BDEF /* NISDKAvailability.m in Sources */ = {isa = PBXBuildFile; fileRef = 239D0493162791CF0065BDEF /* NISDKAvailability.m */; };
		239D04BD162791CF0065BDEF /* NISnapshotRotation.m in Sources */ = {isa = PBXBuildFile; fileRef = 239D0495162791CF0065BDEF /* NISnapshotRotation.m */; };
		239D04BE162791CF0065BDEF /* NIState.m in Sources */ = {isa = PBXBuildFile; fileRef = 239D0497162791CF0065BDEF /* NIState.m */; };
		239D04BF162791CF0065BDEF /* NIViewRecycler.m in Sources */ = {isa = PBXBuildFile; fileRef = 239D0499162791CF0065BDEF /* NIViewRecycler.m */; };
		239D04C0162791CF0065BDEF /* NSString+NimbusCore.m in Sources */ = {isa = PBXBuildFile; fileRef = 239D049B162791CF0065BDEF /* NSString+NimbusCore.m */; };
		239D04E716279B140065BDEF /* NIImageProcessing.m in Sources */ = {isa = PBXBuildFile; fileRef = 239D04DE16279B140065BDEF /* NIImageProcessing.m */; };
		239D04E816279B140065BDEF /* NINetworkImageView.m in Sources */ = {isa = PBXBuildFile; fileRef = 239D04E216279B140065BDEF /* NINetworkImageView.m */; };
		239D057716279B790065BDEF /* AFHTTPClient.m in Sources */ = {isa = PBXBuildFile; fileRef = 239D056516279B790065BDEF /* AFHTTPClient.m */; };
		239D057816279B790065BDEF /* AFHTTPRequestOperation.m in Sources */ = {isa = PBXBuildFile; fileRef = 239D056716279B790065BDEF /* AFHTTPRequestOperation.m */; };
		239D057916279B790065BDEF /* AFImageRequestOperation.m in Sources */ = {isa = PBXBuildFile; fileRef = 239D056916279B790065BDEF /* AFImageRequestOperation.m */; };
		239D057A16279B790065BDEF /* AFJSONRequestOperation.m in Sources */ = {isa = PBXBuildFile; fileRef = 239D056B16279B790065BDEF /* AFJSONRequestOperation.m */; };
		239D057B16279B790065BDEF /* AFNetworkActivityIndicatorManager.m in Sources */ = {isa = PBXBuildFile; fileRef = 239D056D16279B790065BDEF /* AFNetworkActivityIndicatorManager.m */; };
		239D057C16279B790065BDEF /* AFPropertyListRequestOperation.m in Sources */ = {isa = PBXBuildFile; fileRef = 239D057016279B790065BDEF /* AFPropertyListRequestOperation.m */; };
		239D057D16279B790065BDEF /* AFURLConnectionOperation.m in Sources */ = {isa = PBXBuildFile; fileRef = 239D057216279B790065BDEF /* AFURLConnectionOperation.m */; };
		239D057E16279B790065BDEF /* AFXMLRequestOperation.m in Sources */ = {isa = PBXBuildFile; fileRef = 239D057416279B790065BDEF /* AFXMLRequestOperation.m */; };
		239D057F16279B790065BDEF /* UIImageView+AFNetworking.m in Sources */ = {isa = PBXBuildFile; fileRef = 239D057616279B790065BDEF /* UIImageView+AFNetworking.m */; };
		239D05871627A4240065BDEF /* thumbnail_placeholder.png in Resources */ = {isa = PBXBuildFile; fileRef = 239D05851627A4240065BDEF /* thumbnail_placeholder.png */; };
		239D05881627A4240065BDEF /* thumbnail_placeholder@2x.png in Resources */ = {isa = PBXBuildFile; fileRef = 239D05861627A4240065BDEF /* thumbnail_placeholder@2x.png */; };
		23E1759F16265F1300B5E7A3 /* UIKit.framework in Frameworks */ = {isa = PBXBuildFile; fileRef = 23E1759E16265F1300B5E7A3 /* UIKit.framework */; };
		23E175A116265F1300B5E7A3 /* Foundation.framework in Frameworks */ = {isa = PBXBuildFile; fileRef = 23E175A016265F1300B5E7A3 /* Foundation.framework */; };
		23E175A316265F1300B5E7A3 /* CoreGraphics.framework in Frameworks */ = {isa = PBXBuildFile; fileRef = 23E175A216265F1300B5E7A3 /* CoreGraphics.framework */; };
		23E175A916265F1300B5E7A3 /* InfoPlist.strings in Resources */ = {isa = PBXBuildFile; fileRef = 23E175A716265F1300B5E7A3 /* InfoPlist.strings */; };
		23E175AB16265F1300B5E7A3 /* main.m in Sources */ = {isa = PBXBuildFile; fileRef = 23E175AA16265F1300B5E7A3 /* main.m */; };
		23E175B816265F1300B5E7A3 /* MainStoryboard.storyboard in Resources */ = {isa = PBXBuildFile; fileRef = 23E175B616265F1300B5E7A3 /* MainStoryboard.storyboard */; };
		23E175D21626744D00B5E7A3 /* CoreData.framework in Frameworks */ = {isa = PBXBuildFile; fileRef = 23E175D01626744200B5E7A3 /* CoreData.framework */; };
		23E175D5162674A300B5E7A3 /* Model.xcdatamodeld in Sources */ = {isa = PBXBuildFile; fileRef = 23E175D3162674A300B5E7A3 /* Model.xcdatamodeld */; };
		23F837631627B0BB0002126E /* MUSAppDelegate.m in Sources */ = {isa = PBXBuildFile; fileRef = 23F837621627B0BB0002126E /* MUSAppDelegate.m */; };
		23F837691627B1C40002126E /* MUSScoreCell.m in Sources */ = {isa = PBXBuildFile; fileRef = 23F837681627B1C40002126E /* MUSScoreCell.m */; };
		23FAD2C7166861A9004DC2CF /* noise.png in Resources */ = {isa = PBXBuildFile; fileRef = 23FAD2C5166861A9004DC2CF /* noise.png */; };
		23FAD2C8166861A9004DC2CF /* noise@2x.png in Resources */ = {isa = PBXBuildFile; fileRef = 23FAD2C6166861A9004DC2CF /* noise@2x.png */; };
		23FAD2CC16686627004DC2CF /* MUSDecadeControl.m in Sources */ = {isa = PBXBuildFile; fileRef = 23FAD2CB16686627004DC2CF /* MUSDecadeControl.m */; };
		23FAD2D016686B87004DC2CF /* UIColor+NLAMusicColors.m in Sources */ = {isa = PBXBuildFile; fileRef = 23FAD2CF16686B87004DC2CF /* UIColor+NLAMusicColors.m */; };
		23FAD2D31668B79D004DC2CF /* MUSTimelineItemControl.m in Sources */ = {isa = PBXBuildFile; fileRef = 23FAD2D21668B79D004DC2CF /* MUSTimelineItemControl.m */; };
		23FAD2D61668C4F6004DC2CF /* star.png in Resources */ = {isa = PBXBuildFile; fileRef = 23FAD2D41668C4F6004DC2CF /* star.png */; };
		23FAD2D71668C4F6004DC2CF /* star@2x.png in Resources */ = {isa = PBXBuildFile; fileRef = 23FAD2D51668C4F6004DC2CF /* star@2x.png */; };
		23FAD2DA1668C518004DC2CF /* MUSFavouritesControl.m in Sources */ = {isa = PBXBuildFile; fileRef = 23FAD2D91668C518004DC2CF /* MUSFavouritesControl.m */; };
/* End PBXBuildFile section */

/* Begin PBXBuildRule section */
		239D043F162679D30065BDEF /* PBXBuildRule */ = {
			isa = PBXBuildRule;
			compilerSpec = com.apple.compilers.proxy.script;
			fileType = wrapper.xcdatamodeld;
			isEditable = 1;
			outputFiles = (
				"$(DERIVED_FILES_DIR)/$(INPUT_FILE_BASE).momd",
			);
			script = "# Generate the code for the entities in the core data model\ncurVer=`/usr/libexec/PlistBuddy \"${INPUT_FILE_PATH}/.xccurrentversion\" -c 'print _XCCurrentVersionName'`\n\necho \"${PROJECT_DIR}/nla-music/Scripts/mogenerator\" --template-var arc=true --model \\\"${INPUT_FILE_PATH}/$curVer\\\" --output-dir \\\"${INPUT_FILE_DIR}/\\\"\n\"${PROJECT_DIR}/nla-music/Scripts/mogenerator\" --template-var arc=true --model \"${INPUT_FILE_PATH}/$curVer\" --output-dir \"${INPUT_FILE_DIR}/\"\n\n# momc\necho ${DEVELOPER_BIN_DIR}/momc -XD_MOMC_IOS_TARGET_VERSION=6.0 -MOMC_PLATFORMS iphonesimulator -MOMC_PLATFORMS iphoneos -XD_MOMC_TARGET_VERSION=10.6 \\\"${INPUT_FILE_PATH}\\\" \\\"${TARGET_BUILD_DIR}/${EXECUTABLE_FOLDER_PATH}/${INPUT_FILE_BASE}.momd\\\"\n${DEVELOPER_BIN_DIR}/momc -XD_MOMC_IOS_TARGET_VERSION=6.0 -MOMC_PLATFORMS iphonesimulator -MOMC_PLATFORMS iphoneos -XD_MOMC_TARGET_VERSION=10.6 \"${INPUT_FILE_PATH}\" \"${TARGET_BUILD_DIR}/${EXECUTABLE_FOLDER_PATH}/${INPUT_FILE_BASE}.momd\"\n\necho \"Finished generating core data model files.\"";
		};
/* End PBXBuildRule section */

/* Begin PBXFileReference section */
		23041559162D02E7001CC73B /* Twitter.framework */ = {isa = PBXFileReference; lastKnownFileType = wrapper.framework; name = Twitter.framework; path = System/Library/Frameworks/Twitter.framework; sourceTree = SDKROOT; };
		2304155D162D0DF2001CC73B /* share_icon.png */ = {isa = PBXFileReference; lastKnownFileType = image.png; path = share_icon.png; sourceTree = "<group>"; };
		2304155E162D0DF2001CC73B /* share_icon@2x.png */ = {isa = PBXFileReference; lastKnownFileType = image.png; path = "share_icon@2x.png"; sourceTree = "<group>"; };
		23041565162D5FDC001CC73B /* fav_icon_selected.png */ = {isa = PBXFileReference; lastKnownFileType = image.png; path = fav_icon_selected.png; sourceTree = "<group>"; };
		23041566162D5FDC001CC73B /* fav_icon_selected@2x.png */ = {isa = PBXFileReference; lastKnownFileType = image.png; path = "fav_icon_selected@2x.png"; sourceTree = "<group>"; };
		23041567162D5FDC001CC73B /* fav_icon.png */ = {isa = PBXFileReference; lastKnownFileType = image.png; path = fav_icon.png; sourceTree = "<group>"; };
		23041568162D5FDC001CC73B /* fav_icon@2x.png */ = {isa = PBXFileReference; lastKnownFileType = image.png; path = "fav_icon@2x.png"; sourceTree = "<group>"; };
		230F3E8E165ED95900D5BBD3 /* SystemConfiguration.framework */ = {isa = PBXFileReference; lastKnownFileType = wrapper.framework; name = SystemConfiguration.framework; path = System/Library/Frameworks/SystemConfiguration.framework; sourceTree = SDKROOT; };
		230F3E91165ED95F00D5BBD3 /* MobileCoreServices.framework */ = {isa = PBXFileReference; lastKnownFileType = wrapper.framework; name = MobileCoreServices.framework; path = System/Library/Frameworks/MobileCoreServices.framework; sourceTree = SDKROOT; };
		230F3EA2165F41F500D5BBD3 /* MUSAtoZIndexView.h */ = {isa = PBXFileReference; fileEncoding = 4; lastKnownFileType = sourcecode.c.h; name = MUSAtoZIndexView.h; path = Views/MUSAtoZIndexView.h; sourceTree = "<group>"; };
		230F3EA3165F41F500D5BBD3 /* MUSAtoZIndexView.m */ = {isa = PBXFileReference; fileEncoding = 4; lastKnownFileType = sourcecode.c.objc; name = MUSAtoZIndexView.m; path = Views/MUSAtoZIndexView.m; sourceTree = "<group>"; };
		235F3B1D162EA8530067B5AD /* MUSFavouriteScoreCollectionViewController.h */ = {isa = PBXFileReference; fileEncoding = 4; lastKnownFileType = sourcecode.c.h; name = MUSFavouriteScoreCollectionViewController.h; path = "View Controllers/MUSFavouriteScoreCollectionViewController.h"; sourceTree = "<group>"; };
		235F3B1E162EA8530067B5AD /* MUSFavouriteScoreCollectionViewController.m */ = {isa = PBXFileReference; fileEncoding = 4; lastKnownFileType = sourcecode.c.objc; name = MUSFavouriteScoreCollectionViewController.m; path = "View Controllers/MUSFavouriteScoreCollectionViewController.m"; sourceTree = "<group>"; };
		235F3B21162EA8850067B5AD /* MUSScoreCollectionViewController.h */ = {isa = PBXFileReference; fileEncoding = 4; lastKnownFileType = sourcecode.c.h; name = MUSScoreCollectionViewController.h; path = "View Controllers/MUSScoreCollectionViewController.h"; sourceTree = "<group>"; };
		235F3B22162EA8850067B5AD /* MUSScoreCollectionViewController.m */ = {isa = PBXFileReference; fileEncoding = 4; lastKnownFileType = sourcecode.c.objc; name = MUSScoreCollectionViewController.m; path = "View Controllers/MUSScoreCollectionViewController.m"; sourceTree = "<group>"; };
		235F3B24162EB42B0067B5AD /* MUSDecadeScoreCollectionViewController.h */ = {isa = PBXFileReference; fileEncoding = 4; lastKnownFileType = sourcecode.c.h; name = MUSDecadeScoreCollectionViewController.h; path = "View Controllers/MUSDecadeScoreCollectionViewController.h"; sourceTree = "<group>"; };
		235F3B25162EB42C0067B5AD /* MUSDecadeScoreCollectionViewController.m */ = {isa = PBXFileReference; fileEncoding = 4; lastKnownFileType = sourcecode.c.objc; name = MUSDecadeScoreCollectionViewController.m; path = "View Controllers/MUSDecadeScoreCollectionViewController.m"; sourceTree = "<group>"; };
		237428FC163A18CE005368CC /* MUSComposersTableViewController.h */ = {isa = PBXFileReference; fileEncoding = 4; lastKnownFileType = sourcecode.c.h; name = MUSComposersTableViewController.h; path = "View Controllers/MUSComposersTableViewController.h"; sourceTree = "<group>"; };
		237428FD163A18CE005368CC /* MUSComposersTableViewController.m */ = {isa = PBXFileReference; fileEncoding = 4; lastKnownFileType = sourcecode.c.objc; name = MUSComposersTableViewController.m; path = "View Controllers/MUSComposersTableViewController.m"; sourceTree = "<group>"; };
		23742900163BE7DF005368CC /* QuartzCore.framework */ = {isa = PBXFileReference; lastKnownFileType = wrapper.framework; name = QuartzCore.framework; path = System/Library/Frameworks/QuartzCore.framework; sourceTree = SDKROOT; };
		23788CE016437E3800519C8B /* MUSSplitViewController.h */ = {isa = PBXFileReference; fileEncoding = 4; lastKnownFileType = sourcecode.c.h; name = MUSSplitViewController.h; path = "View Controllers/MUSSplitViewController.h"; sourceTree = "<group>"; };
		23788CE116437E3800519C8B /* MUSSplitViewController.m */ = {isa = PBXFileReference; fileEncoding = 4; lastKnownFileType = sourcecode.c.objc; name = MUSSplitViewController.m; path = "View Controllers/MUSSplitViewController.m"; sourceTree = "<group>"; };
		2380F795163DFBEB001286EC /* MUSComposerCell.h */ = {isa = PBXFileReference; fileEncoding = 4; lastKnownFileType = sourcecode.c.h; name = MUSComposerCell.h; path = Views/MUSComposerCell.h; sourceTree = "<group>"; };
		2380F796163DFBEB001286EC /* MUSComposerCell.m */ = {isa = PBXFileReference; fileEncoding = 4; lastKnownFileType = sourcecode.c.objc; name = MUSComposerCell.m; path = Views/MUSComposerCell.m; sourceTree = "<group>"; };
		23828EF21632AD5D008D6166 /* NLAOpenArchiveController.h */ = {isa = PBXFileReference; fileEncoding = 4; lastKnownFileType = sourcecode.c.h; name = NLAOpenArchiveController.h; path = "Other Controllers/NLAOpenArchiveController.h"; sourceTree = "<group>"; };
		23828EF31632AD5D008D6166 /* NLAOpenArchiveController.m */ = {isa = PBXFileReference; fileEncoding = 4; lastKnownFileType = sourcecode.c.objc; name = NLAOpenArchiveController.m; path = "Other Controllers/NLAOpenArchiveController.m"; sourceTree = "<group>"; };
		23828EF91632AF8F008D6166 /* NLAItemInformation.h */ = {isa = PBXFileReference; fileEncoding = 4; lastKnownFileType = sourcecode.c.h; name = NLAItemInformation.h; path = "Other Controllers/NLAItemInformation.h"; sourceTree = "<group>"; };
		23828EFA1632AF8F008D6166 /* NLAItemInformation.m */ = {isa = PBXFileReference; fileEncoding = 4; lastKnownFileType = sourcecode.c.objc; name = NLAItemInformation.m; path = "Other Controllers/NLAItemInformation.m"; sourceTree = "<group>"; };
		23925F6E166B546E00EDCF7F /* nla.mus-an5892255-s1.jpg */ = {isa = PBXFileReference; lastKnownFileType = image.jpeg; path = "nla.mus-an5892255-s1.jpg"; sourceTree = "<group>"; };
		23925F6F166B546E00EDCF7F /* nla.mus-an5892255-s1@2x.jpg */ = {isa = PBXFileReference; lastKnownFileType = image.jpeg; path = "nla.mus-an5892255-s1@2x.jpg"; sourceTree = "<group>"; };
		23925F70166B546E00EDCF7F /* nla.mus-an5892255-s2.jpg */ = {isa = PBXFileReference; lastKnownFileType = image.jpeg; path = "nla.mus-an5892255-s2.jpg"; sourceTree = "<group>"; };
		23925F71166B546E00EDCF7F /* nla.mus-an5892255-s2@2x.jpg */ = {isa = PBXFileReference; lastKnownFileType = image.jpeg; path = "nla.mus-an5892255-s2@2x.jpg"; sourceTree = "<group>"; };
		23925F72166B546E00EDCF7F /* nla.mus-an5892255-s3.jpg */ = {isa = PBXFileReference; lastKnownFileType = image.jpeg; path = "nla.mus-an5892255-s3.jpg"; sourceTree = "<group>"; };
		23925F73166B546E00EDCF7F /* nla.mus-an5892255-s3@2x.jpg */ = {isa = PBXFileReference; lastKnownFileType = image.jpeg; path = "nla.mus-an5892255-s3@2x.jpg"; sourceTree = "<group>"; };
		23925F74166B546E00EDCF7F /* nla.mus-an5892255-s4.jpg */ = {isa = PBXFileReference; lastKnownFileType = image.jpeg; path = "nla.mus-an5892255-s4.jpg"; sourceTree = "<group>"; };
		23925F75166B546E00EDCF7F /* nla.mus-an5892255-s4@2x.jpg */ = {isa = PBXFileReference; lastKnownFileType = image.jpeg; path = "nla.mus-an5892255-s4@2x.jpg"; sourceTree = "<group>"; };
		2394E94C1627C1CD00E5851E /* MUSFadeInSegue.h */ = {isa = PBXFileReference; fileEncoding = 4; lastKnownFileType = sourcecode.c.h; name = MUSFadeInSegue.h; path = Segues/MUSFadeInSegue.h; sourceTree = "<group>"; };
		2394E94D1627C1CD00E5851E /* MUSFadeInSegue.m */ = {isa = PBXFileReference; fileEncoding = 4; lastKnownFileType = sourcecode.c.objc; name = MUSFadeInSegue.m; path = Segues/MUSFadeInSegue.m; sourceTree = "<group>"; };
		2394E94F1627C36800E5851E /* MUSScoreViewController.h */ = {isa = PBXFileReference; fileEncoding = 4; lastKnownFileType = sourcecode.c.h; name = MUSScoreViewController.h; path = "View Controllers/MUSScoreViewController.h"; sourceTree = "<group>"; };
		2394E9501627C36800E5851E /* MUSScoreViewController.m */ = {isa = PBXFileReference; fileEncoding = 4; lastKnownFileType = sourcecode.c.objc; name = MUSScoreViewController.m; path = "View Controllers/MUSScoreViewController.m"; sourceTree = "<group>"; };
		2394E95C162824C000E5851E /* MUSTimelineViewController.h */ = {isa = PBXFileReference; fileEncoding = 4; lastKnownFileType = sourcecode.c.h; name = MUSTimelineViewController.h; path = "View Controllers/MUSTimelineViewController.h"; sourceTree = "<group>"; };
		2394E95D162824C000E5851E /* MUSTimelineViewController.m */ = {isa = PBXFileReference; fileEncoding = 4; lastKnownFileType = sourcecode.c.objc; name = MUSTimelineViewController.m; path = "View Controllers/MUSTimelineViewController.m"; sourceTree = "<group>"; };
		2394E96B162BBD6E00E5851E /* NimbusPhotos.bundle */ = {isa = PBXFileReference; lastKnownFileType = "wrapper.plug-in"; path = NimbusPhotos.bundle; sourceTree = "<group>"; };
		2394E96D162BBD6E00E5851E /* NimbusPhotos+Namespace.h */ = {isa = PBXFileReference; fileEncoding = 4; lastKnownFileType = sourcecode.c.h; path = "NimbusPhotos+Namespace.h"; sourceTree = "<group>"; };
		2394E96E162BBD6E00E5851E /* NimbusPhotos.h */ = {isa = PBXFileReference; fileEncoding = 4; lastKnownFileType = sourcecode.c.h; path = NimbusPhotos.h; sourceTree = "<group>"; };
		2394E96F162BBD6E00E5851E /* NIPhotoAlbumScrollView.h */ = {isa = PBXFileReference; fileEncoding = 4; lastKnownFileType = sourcecode.c.h; path = NIPhotoAlbumScrollView.h; sourceTree = "<group>"; };
		2394E970162BBD6E00E5851E /* NIPhotoAlbumScrollView.m */ = {isa = PBXFileReference; fileEncoding = 4; lastKnownFileType = sourcecode.c.objc; path = NIPhotoAlbumScrollView.m; sourceTree = "<group>"; };
		2394E971162BBD6E00E5851E /* NIPhotoAlbumScrollViewDataSource.h */ = {isa = PBXFileReference; fileEncoding = 4; lastKnownFileType = sourcecode.c.h; path = NIPhotoAlbumScrollViewDataSource.h; sourceTree = "<group>"; };
		2394E972162BBD6E00E5851E /* NIPhotoAlbumScrollViewDelegate.h */ = {isa = PBXFileReference; fileEncoding = 4; lastKnownFileType = sourcecode.c.h; path = NIPhotoAlbumScrollViewDelegate.h; sourceTree = "<group>"; };
		2394E973162BBD6E00E5851E /* NIPhotoScrollView.h */ = {isa = PBXFileReference; fileEncoding = 4; lastKnownFileType = sourcecode.c.h; path = NIPhotoScrollView.h; sourceTree = "<group>"; };
		2394E974162BBD6E00E5851E /* NIPhotoScrollView.m */ = {isa = PBXFileReference; fileEncoding = 4; lastKnownFileType = sourcecode.c.objc; path = NIPhotoScrollView.m; sourceTree = "<group>"; };
		2394E975162BBD6E00E5851E /* NIPhotoScrollViewDelegate.h */ = {isa = PBXFileReference; fileEncoding = 4; lastKnownFileType = sourcecode.c.h; path = NIPhotoScrollViewDelegate.h; sourceTree = "<group>"; };
		2394E976162BBD6E00E5851E /* NIPhotoScrollViewPhotoSize.h */ = {isa = PBXFileReference; fileEncoding = 4; lastKnownFileType = sourcecode.c.h; path = NIPhotoScrollViewPhotoSize.h; sourceTree = "<group>"; };
		2394E977162BBD6E00E5851E /* NIPhotoScrubberView.h */ = {isa = PBXFileReference; fileEncoding = 4; lastKnownFileType = sourcecode.c.h; path = NIPhotoScrubberView.h; sourceTree = "<group>"; };
		2394E978162BBD6E00E5851E /* NIPhotoScrubberView.m */ = {isa = PBXFileReference; fileEncoding = 4; lastKnownFileType = sourcecode.c.objc; path = NIPhotoScrubberView.m; sourceTree = "<group>"; };
		2394E979162BBD6E00E5851E /* NIToolbarPhotoViewController.h */ = {isa = PBXFileReference; fileEncoding = 4; lastKnownFileType = sourcecode.c.h; path = NIToolbarPhotoViewController.h; sourceTree = "<group>"; };
		2394E97A162BBD6E00E5851E /* NIToolbarPhotoViewController.m */ = {isa = PBXFileReference; fileEncoding = 4; lastKnownFileType = sourcecode.c.objc; path = NIToolbarPhotoViewController.m; sourceTree = "<group>"; };
		2394E98A162BBD8C00E5851E /* NimbusPagingScrollView+Namespace.h */ = {isa = PBXFileReference; fileEncoding = 4; lastKnownFileType = sourcecode.c.h; path = "NimbusPagingScrollView+Namespace.h"; sourceTree = "<group>"; };
		2394E98B162BBD8C00E5851E /* NimbusPagingScrollView.h */ = {isa = PBXFileReference; fileEncoding = 4; lastKnownFileType = sourcecode.c.h; path = NimbusPagingScrollView.h; sourceTree = "<group>"; };
		2394E98C162BBD8C00E5851E /* NIPageView.h */ = {isa = PBXFileReference; fileEncoding = 4; lastKnownFileType = sourcecode.c.h; path = NIPageView.h; sourceTree = "<group>"; };
		2394E98D162BBD8C00E5851E /* NIPageView.m */ = {isa = PBXFileReference; fileEncoding = 4; lastKnownFileType = sourcecode.c.objc; path = NIPageView.m; sourceTree = "<group>"; };
		2394E98E162BBD8C00E5851E /* NIPagingScrollView.h */ = {isa = PBXFileReference; fileEncoding = 4; lastKnownFileType = sourcecode.c.h; path = NIPagingScrollView.h; sourceTree = "<group>"; };
		2394E98F162BBD8C00E5851E /* NIPagingScrollView.m */ = {isa = PBXFileReference; fileEncoding = 4; lastKnownFileType = sourcecode.c.objc; path = NIPagingScrollView.m; sourceTree = "<group>"; };
		2394E990162BBD8C00E5851E /* NIPagingScrollViewDataSource.h */ = {isa = PBXFileReference; fileEncoding = 4; lastKnownFileType = sourcecode.c.h; path = NIPagingScrollViewDataSource.h; sourceTree = "<group>"; };
		2394E991162BBD8C00E5851E /* NIPagingScrollViewDelegate.h */ = {isa = PBXFileReference; fileEncoding = 4; lastKnownFileType = sourcecode.c.h; path = NIPagingScrollViewDelegate.h; sourceTree = "<group>"; };
		2394E992162BBD8C00E5851E /* NIPagingScrollViewPage.h */ = {isa = PBXFileReference; fileEncoding = 4; lastKnownFileType = sourcecode.c.h; path = NIPagingScrollViewPage.h; sourceTree = "<group>"; };
		2394E99B162BC05D00E5851E /* icon72.png */ = {isa = PBXFileReference; lastKnownFileType = image.png; path = icon72.png; sourceTree = "<group>"; };
		2394E99C162BC05D00E5851E /* icon144.png */ = {isa = PBXFileReference; lastKnownFileType = image.png; path = icon144.png; sourceTree = "<group>"; };
		239B8258166A07E100C2F9FC /* small_note.png */ = {isa = PBXFileReference; lastKnownFileType = image.png; path = small_note.png; sourceTree = "<group>"; };
		239B8259166A07E100C2F9FC /* small_note@2x.png */ = {isa = PBXFileReference; lastKnownFileType = image.png; path = "small_note@2x.png"; sourceTree = "<group>"; };
		239B825E166A101600C2F9FC /* Reachability.h */ = {isa = PBXFileReference; fileEncoding = 4; lastKnownFileType = sourcecode.c.h; name = Reachability.h; path = "3rd Party/reachability/Reachability.h"; sourceTree = "<group>"; };
		239B825F166A101600C2F9FC /* Reachability.m */ = {isa = PBXFileReference; fileEncoding = 4; lastKnownFileType = sourcecode.c.objc; name = Reachability.m; path = "3rd Party/reachability/Reachability.m"; sourceTree = "<group>"; };
		239B8261166A16EB00C2F9FC /* score_placeholder.png */ = {isa = PBXFileReference; lastKnownFileType = image.png; path = score_placeholder.png; sourceTree = "<group>"; };
		239B8262166A16EB00C2F9FC /* score_placeholder@2x.png */ = {isa = PBXFileReference; lastKnownFileType = image.png; path = "score_placeholder@2x.png"; sourceTree = "<group>"; };
		239B8274166B48E700C2F9FC /* Default-Portrait@2x~ipad.png */ = {isa = PBXFileReference; lastKnownFileType = image.png; path = "Default-Portrait@2x~ipad.png"; sourceTree = "<group>"; };
		239B8278166B4A6900C2F9FC /* Default-Portrait~ipad.png */ = {isa = PBXFileReference; lastKnownFileType = image.png; path = "Default-Portrait~ipad.png"; sourceTree = "<group>"; };
		239D044E16267FFC0065BDEF /* data.sqlite */ = {isa = PBXFileReference; lastKnownFileType = file; name = data.sqlite; path = Data/data.sqlite; sourceTree = "<group>"; };
		239D0451162690CD0065BDEF /* MUSDataController.h */ = {isa = PBXFileReference; fileEncoding = 4; lastKnownFileType = sourcecode.c.h; name = MUSDataController.h; path = "Other Controllers/MUSDataController.h"; sourceTree = "<group>"; };
		239D0452162690CD0065BDEF /* MUSDataController.m */ = {isa = PBXFileReference; fileEncoding = 4; lastKnownFileType = sourcecode.c.objc; name = MUSDataController.m; path = "Other Controllers/MUSDataController.m"; sourceTree = "<group>"; };
		239D045C16277B5D0065BDEF /* Page.h */ = {isa = PBXFileReference; fileEncoding = 4; lastKnownFileType = sourcecode.c.h; name = Page.h; path = Model/Page.h; sourceTree = "<group>"; };
		239D045D16277B5D0065BDEF /* Page.m */ = {isa = PBXFileReference; fileEncoding = 4; lastKnownFileType = sourcecode.c.objc; name = Page.m; path = Model/Page.m; sourceTree = "<group>"; };
		239D045E16277B5D0065BDEF /* Score.h */ = {isa = PBXFileReference; fileEncoding = 4; lastKnownFileType = sourcecode.c.h; name = Score.h; path = Model/Score.h; sourceTree = "<group>"; };
		239D045F16277B5D0065BDEF /* Score.m */ = {isa = PBXFileReference; fileEncoding = 4; lastKnownFileType = sourcecode.c.objc; name = Score.m; path = Model/Score.m; sourceTree = "<group>"; };
		239D046416277B9D0065BDEF /* _Page.h */ = {isa = PBXFileReference; fileEncoding = 4; lastKnownFileType = sourcecode.c.h; name = _Page.h; path = Model/_Page.h; sourceTree = "<group>"; };
		239D046516277B9D0065BDEF /* _Page.m */ = {isa = PBXFileReference; fileEncoding = 4; lastKnownFileType = sourcecode.c.objc; name = _Page.m; path = Model/_Page.m; sourceTree = "<group>"; };
		239D046616277B9D0065BDEF /* _Score.h */ = {isa = PBXFileReference; fileEncoding = 4; lastKnownFileType = sourcecode.c.h; name = _Score.h; path = Model/_Score.h; sourceTree = "<group>"; };
		239D046716277B9D0065BDEF /* _Score.m */ = {isa = PBXFileReference; fileEncoding = 4; lastKnownFileType = sourcecode.c.objc; name = _Score.m; path = Model/_Score.m; sourceTree = "<group>"; };
		239D0471162791CF0065BDEF /* NICommonMetrics.h */ = {isa = PBXFileReference; fileEncoding = 4; lastKnownFileType = sourcecode.c.h; path = NICommonMetrics.h; sourceTree = "<group>"; };
		239D0472162791CF0065BDEF /* NICommonMetrics.m */ = {isa = PBXFileReference; fileEncoding = 4; lastKnownFileType = sourcecode.c.objc; path = NICommonMetrics.m; sourceTree = "<group>"; };
		239D0473162791CF0065BDEF /* NIDataStructures.h */ = {isa = PBXFileReference; fileEncoding = 4; lastKnownFileType = sourcecode.c.h; path = NIDataStructures.h; sourceTree = "<group>"; };
		239D0474162791CF0065BDEF /* NIDataStructures.m */ = {isa = PBXFileReference; fileEncoding = 4; lastKnownFileType = sourcecode.c.objc; path = NIDataStructures.m; sourceTree = "<group>"; };
		239D0475162791CF0065BDEF /* NIDebuggingTools.h */ = {isa = PBXFileReference; fileEncoding = 4; lastKnownFileType = sourcecode.c.h; path = NIDebuggingTools.h; sourceTree = "<group>"; };
		239D0476162791CF0065BDEF /* NIDebuggingTools.m */ = {isa = PBXFileReference; fileEncoding = 4; lastKnownFileType = sourcecode.c.objc; path = NIDebuggingTools.m; sourceTree = "<group>"; };
		239D0477162791CF0065BDEF /* NIDeviceOrientation.h */ = {isa = PBXFileReference; fileEncoding = 4; lastKnownFileType = sourcecode.c.h; path = NIDeviceOrientation.h; sourceTree = "<group>"; };
		239D0478162791CF0065BDEF /* NIDeviceOrientation.m */ = {isa = PBXFileReference; fileEncoding = 4; lastKnownFileType = sourcecode.c.objc; path = NIDeviceOrientation.m; sourceTree = "<group>"; };
		239D0479162791CF0065BDEF /* NIError.h */ = {isa = PBXFileReference; fileEncoding = 4; lastKnownFileType = sourcecode.c.h; path = NIError.h; sourceTree = "<group>"; };
		239D047A162791CF0065BDEF /* NIError.m */ = {isa = PBXFileReference; fileEncoding = 4; lastKnownFileType = sourcecode.c.objc; path = NIError.m; sourceTree = "<group>"; };
		239D047B162791CF0065BDEF /* NIFoundationMethods.h */ = {isa = PBXFileReference; fileEncoding = 4; lastKnownFileType = sourcecode.c.h; path = NIFoundationMethods.h; sourceTree = "<group>"; };
		239D047C162791CF0065BDEF /* NIFoundationMethods.m */ = {isa = PBXFileReference; fileEncoding = 4; lastKnownFileType = sourcecode.c.objc; path = NIFoundationMethods.m; sourceTree = "<group>"; };
		239D047D162791CF0065BDEF /* NIInMemoryCache.h */ = {isa = PBXFileReference; fileEncoding = 4; lastKnownFileType = sourcecode.c.h; path = NIInMemoryCache.h; sourceTree = "<group>"; };
		239D047E162791CF0065BDEF /* NIInMemoryCache.m */ = {isa = PBXFileReference; fileEncoding = 4; lastKnownFileType = sourcecode.c.objc; path = NIInMemoryCache.m; sourceTree = "<group>"; };
		239D047F162791CF0065BDEF /* NimbusCore+Additions.h */ = {isa = PBXFileReference; fileEncoding = 4; lastKnownFileType = sourcecode.c.h; path = "NimbusCore+Additions.h"; sourceTree = "<group>"; };
		239D0480162791CF0065BDEF /* NimbusCore+Namespace.h */ = {isa = PBXFileReference; fileEncoding = 4; lastKnownFileType = sourcecode.c.h; path = "NimbusCore+Namespace.h"; sourceTree = "<group>"; };
		239D0481162791CF0065BDEF /* NimbusCore.h */ = {isa = PBXFileReference; fileEncoding = 4; lastKnownFileType = sourcecode.c.h; path = NimbusCore.h; sourceTree = "<group>"; };
		239D0482162791CF0065BDEF /* NINavigationAppearance.h */ = {isa = PBXFileReference; fileEncoding = 4; lastKnownFileType = sourcecode.c.h; path = NINavigationAppearance.h; sourceTree = "<group>"; };
		239D0483162791CF0065BDEF /* NINavigationAppearance.m */ = {isa = PBXFileReference; fileEncoding = 4; lastKnownFileType = sourcecode.c.objc; path = NINavigationAppearance.m; sourceTree = "<group>"; };
		239D0484162791CF0065BDEF /* NINetworkActivity.h */ = {isa = PBXFileReference; fileEncoding = 4; lastKnownFileType = sourcecode.c.h; path = NINetworkActivity.h; sourceTree = "<group>"; };
		239D0485162791CF0065BDEF /* NINetworkActivity.m */ = {isa = PBXFileReference; fileEncoding = 4; lastKnownFileType = sourcecode.c.objc; path = NINetworkActivity.m; sourceTree = "<group>"; };
		239D0486162791CF0065BDEF /* NINonEmptyCollectionTesting.h */ = {isa = PBXFileReference; fileEncoding = 4; lastKnownFileType = sourcecode.c.h; path = NINonEmptyCollectionTesting.h; sourceTree = "<group>"; };
		239D0487162791CF0065BDEF /* NINonEmptyCollectionTesting.m */ = {isa = PBXFileReference; fileEncoding = 4; lastKnownFileType = sourcecode.c.objc; path = NINonEmptyCollectionTesting.m; sourceTree = "<group>"; };
		239D0488162791CF0065BDEF /* NINonRetainingCollections.h */ = {isa = PBXFileReference; fileEncoding = 4; lastKnownFileType = sourcecode.c.h; path = NINonRetainingCollections.h; sourceTree = "<group>"; };
		239D0489162791CF0065BDEF /* NINonRetainingCollections.m */ = {isa = PBXFileReference; fileEncoding = 4; lastKnownFileType = sourcecode.c.objc; path = NINonRetainingCollections.m; sourceTree = "<group>"; };
		239D048A162791CF0065BDEF /* NIOperations+Subclassing.h */ = {isa = PBXFileReference; fileEncoding = 4; lastKnownFileType = sourcecode.c.h; path = "NIOperations+Subclassing.h"; sourceTree = "<group>"; };
		239D048B162791CF0065BDEF /* NIOperations.h */ = {isa = PBXFileReference; fileEncoding = 4; lastKnownFileType = sourcecode.c.h; path = NIOperations.h; sourceTree = "<group>"; };
		239D048C162791CF0065BDEF /* NIOperations.m */ = {isa = PBXFileReference; fileEncoding = 4; lastKnownFileType = sourcecode.c.objc; path = NIOperations.m; sourceTree = "<group>"; };
		239D048D162791CF0065BDEF /* NIPaths.h */ = {isa = PBXFileReference; fileEncoding = 4; lastKnownFileType = sourcecode.c.h; path = NIPaths.h; sourceTree = "<group>"; };
		239D048E162791CF0065BDEF /* NIPaths.m */ = {isa = PBXFileReference; fileEncoding = 4; lastKnownFileType = sourcecode.c.objc; path = NIPaths.m; sourceTree = "<group>"; };
		239D048F162791CF0065BDEF /* NIPreprocessorMacros.h */ = {isa = PBXFileReference; fileEncoding = 4; lastKnownFileType = sourcecode.c.h; path = NIPreprocessorMacros.h; sourceTree = "<group>"; };
		239D0490162791CF0065BDEF /* NIRuntimeClassModifications.h */ = {isa = PBXFileReference; fileEncoding = 4; lastKnownFileType = sourcecode.c.h; path = NIRuntimeClassModifications.h; sourceTree = "<group>"; };
		239D0491162791CF0065BDEF /* NIRuntimeClassModifications.m */ = {isa = PBXFileReference; fileEncoding = 4; lastKnownFileType = sourcecode.c.objc; path = NIRuntimeClassModifications.m; sourceTree = "<group>"; };
		239D0492162791CF0065BDEF /* NISDKAvailability.h */ = {isa = PBXFileReference; fileEncoding = 4; lastKnownFileType = sourcecode.c.h; path = NISDKAvailability.h; sourceTree = "<group>"; };
		239D0493162791CF0065BDEF /* NISDKAvailability.m */ = {isa = PBXFileReference; fileEncoding = 4; lastKnownFileType = sourcecode.c.objc; path = NISDKAvailability.m; sourceTree = "<group>"; };
		239D0494162791CF0065BDEF /* NISnapshotRotation.h */ = {isa = PBXFileReference; fileEncoding = 4; lastKnownFileType = sourcecode.c.h; path = NISnapshotRotation.h; sourceTree = "<group>"; };
		239D0495162791CF0065BDEF /* NISnapshotRotation.m */ = {isa = PBXFileReference; fileEncoding = 4; lastKnownFileType = sourcecode.c.objc; path = NISnapshotRotation.m; sourceTree = "<group>"; };
		239D0496162791CF0065BDEF /* NIState.h */ = {isa = PBXFileReference; fileEncoding = 4; lastKnownFileType = sourcecode.c.h; path = NIState.h; sourceTree = "<group>"; };
		239D0497162791CF0065BDEF /* NIState.m */ = {isa = PBXFileReference; fileEncoding = 4; lastKnownFileType = sourcecode.c.objc; path = NIState.m; sourceTree = "<group>"; };
		239D0498162791CF0065BDEF /* NIViewRecycler.h */ = {isa = PBXFileReference; fileEncoding = 4; lastKnownFileType = sourcecode.c.h; path = NIViewRecycler.h; sourceTree = "<group>"; };
		239D0499162791CF0065BDEF /* NIViewRecycler.m */ = {isa = PBXFileReference; fileEncoding = 4; lastKnownFileType = sourcecode.c.objc; path = NIViewRecycler.m; sourceTree = "<group>"; };
		239D049A162791CF0065BDEF /* NSString+NimbusCore.h */ = {isa = PBXFileReference; fileEncoding = 4; lastKnownFileType = sourcecode.c.h; path = "NSString+NimbusCore.h"; sourceTree = "<group>"; };
		239D049B162791CF0065BDEF /* NSString+NimbusCore.m */ = {isa = PBXFileReference; fileEncoding = 4; lastKnownFileType = sourcecode.c.objc; path = "NSString+NimbusCore.m"; sourceTree = "<group>"; };
		239D04DD16279B140065BDEF /* NIImageProcessing.h */ = {isa = PBXFileReference; fileEncoding = 4; lastKnownFileType = sourcecode.c.h; path = NIImageProcessing.h; sourceTree = "<group>"; };
		239D04DE16279B140065BDEF /* NIImageProcessing.m */ = {isa = PBXFileReference; fileEncoding = 4; lastKnownFileType = sourcecode.c.objc; path = NIImageProcessing.m; sourceTree = "<group>"; };
		239D04DF16279B140065BDEF /* NimbusNetworkImage+Namespace.h */ = {isa = PBXFileReference; fileEncoding = 4; lastKnownFileType = sourcecode.c.h; path = "NimbusNetworkImage+Namespace.h"; sourceTree = "<group>"; };
		239D04E016279B140065BDEF /* NimbusNetworkImage.h */ = {isa = PBXFileReference; fileEncoding = 4; lastKnownFileType = sourcecode.c.h; path = NimbusNetworkImage.h; sourceTree = "<group>"; };
		239D04E116279B140065BDEF /* NINetworkImageView.h */ = {isa = PBXFileReference; fileEncoding = 4; lastKnownFileType = sourcecode.c.h; path = NINetworkImageView.h; sourceTree = "<group>"; };
		239D04E216279B140065BDEF /* NINetworkImageView.m */ = {isa = PBXFileReference; fileEncoding = 4; lastKnownFileType = sourcecode.c.objc; path = NINetworkImageView.m; sourceTree = "<group>"; };
		239D056416279B790065BDEF /* AFHTTPClient.h */ = {isa = PBXFileReference; fileEncoding = 4; lastKnownFileType = sourcecode.c.h; path = AFHTTPClient.h; sourceTree = "<group>"; };
		239D056516279B790065BDEF /* AFHTTPClient.m */ = {isa = PBXFileReference; fileEncoding = 4; lastKnownFileType = sourcecode.c.objc; path = AFHTTPClient.m; sourceTree = "<group>"; };
		239D056616279B790065BDEF /* AFHTTPRequestOperation.h */ = {isa = PBXFileReference; fileEncoding = 4; lastKnownFileType = sourcecode.c.h; path = AFHTTPRequestOperation.h; sourceTree = "<group>"; };
		239D056716279B790065BDEF /* AFHTTPRequestOperation.m */ = {isa = PBXFileReference; fileEncoding = 4; lastKnownFileType = sourcecode.c.objc; path = AFHTTPRequestOperation.m; sourceTree = "<group>"; };
		239D056816279B790065BDEF /* AFImageRequestOperation.h */ = {isa = PBXFileReference; fileEncoding = 4; lastKnownFileType = sourcecode.c.h; path = AFImageRequestOperation.h; sourceTree = "<group>"; };
		239D056916279B790065BDEF /* AFImageRequestOperation.m */ = {isa = PBXFileReference; fileEncoding = 4; lastKnownFileType = sourcecode.c.objc; path = AFImageRequestOperation.m; sourceTree = "<group>"; };
		239D056A16279B790065BDEF /* AFJSONRequestOperation.h */ = {isa = PBXFileReference; fileEncoding = 4; lastKnownFileType = sourcecode.c.h; path = AFJSONRequestOperation.h; sourceTree = "<group>"; };
		239D056B16279B790065BDEF /* AFJSONRequestOperation.m */ = {isa = PBXFileReference; fileEncoding = 4; lastKnownFileType = sourcecode.c.objc; path = AFJSONRequestOperation.m; sourceTree = "<group>"; };
		239D056C16279B790065BDEF /* AFNetworkActivityIndicatorManager.h */ = {isa = PBXFileReference; fileEncoding = 4; lastKnownFileType = sourcecode.c.h; path = AFNetworkActivityIndicatorManager.h; sourceTree = "<group>"; };
		239D056D16279B790065BDEF /* AFNetworkActivityIndicatorManager.m */ = {isa = PBXFileReference; fileEncoding = 4; lastKnownFileType = sourcecode.c.objc; path = AFNetworkActivityIndicatorManager.m; sourceTree = "<group>"; };
		239D056E16279B790065BDEF /* AFNetworking.h */ = {isa = PBXFileReference; fileEncoding = 4; lastKnownFileType = sourcecode.c.h; path = AFNetworking.h; sourceTree = "<group>"; };
		239D056F16279B790065BDEF /* AFPropertyListRequestOperation.h */ = {isa = PBXFileReference; fileEncoding = 4; lastKnownFileType = sourcecode.c.h; path = AFPropertyListRequestOperation.h; sourceTree = "<group>"; };
		239D057016279B790065BDEF /* AFPropertyListRequestOperation.m */ = {isa = PBXFileReference; fileEncoding = 4; lastKnownFileType = sourcecode.c.objc; path = AFPropertyListRequestOperation.m; sourceTree = "<group>"; };
		239D057116279B790065BDEF /* AFURLConnectionOperation.h */ = {isa = PBXFileReference; fileEncoding = 4; lastKnownFileType = sourcecode.c.h; path = AFURLConnectionOperation.h; sourceTree = "<group>"; };
		239D057216279B790065BDEF /* AFURLConnectionOperation.m */ = {isa = PBXFileReference; fileEncoding = 4; lastKnownFileType = sourcecode.c.objc; path = AFURLConnectionOperation.m; sourceTree = "<group>"; };
		239D057316279B790065BDEF /* AFXMLRequestOperation.h */ = {isa = PBXFileReference; fileEncoding = 4; lastKnownFileType = sourcecode.c.h; path = AFXMLRequestOperation.h; sourceTree = "<group>"; };
		239D057416279B790065BDEF /* AFXMLRequestOperation.m */ = {isa = PBXFileReference; fileEncoding = 4; lastKnownFileType = sourcecode.c.objc; path = AFXMLRequestOperation.m; sourceTree = "<group>"; };
		239D057516279B790065BDEF /* UIImageView+AFNetworking.h */ = {isa = PBXFileReference; fileEncoding = 4; lastKnownFileType = sourcecode.c.h; path = "UIImageView+AFNetworking.h"; sourceTree = "<group>"; };
		239D057616279B790065BDEF /* UIImageView+AFNetworking.m */ = {isa = PBXFileReference; fileEncoding = 4; lastKnownFileType = sourcecode.c.objc; path = "UIImageView+AFNetworking.m"; sourceTree = "<group>"; };
		239D05851627A4240065BDEF /* thumbnail_placeholder.png */ = {isa = PBXFileReference; lastKnownFileType = image.png; path = thumbnail_placeholder.png; sourceTree = "<group>"; };
		239D05861627A4240065BDEF /* thumbnail_placeholder@2x.png */ = {isa = PBXFileReference; lastKnownFileType = image.png; path = "thumbnail_placeholder@2x.png"; sourceTree = "<group>"; };
		23E1759A16265F1300B5E7A3 /* nla-music.app */ = {isa = PBXFileReference; explicitFileType = wrapper.application; includeInIndex = 0; path = "nla-music.app"; sourceTree = BUILT_PRODUCTS_DIR; };
		23E1759E16265F1300B5E7A3 /* UIKit.framework */ = {isa = PBXFileReference; lastKnownFileType = wrapper.framework; name = UIKit.framework; path = System/Library/Frameworks/UIKit.framework; sourceTree = SDKROOT; };
		23E175A016265F1300B5E7A3 /* Foundation.framework */ = {isa = PBXFileReference; lastKnownFileType = wrapper.framework; name = Foundation.framework; path = System/Library/Frameworks/Foundation.framework; sourceTree = SDKROOT; };
		23E175A216265F1300B5E7A3 /* CoreGraphics.framework */ = {isa = PBXFileReference; lastKnownFileType = wrapper.framework; name = CoreGraphics.framework; path = System/Library/Frameworks/CoreGraphics.framework; sourceTree = SDKROOT; };
		23E175A616265F1300B5E7A3 /* nla-music-Info.plist */ = {isa = PBXFileReference; lastKnownFileType = text.plist.xml; path = "nla-music-Info.plist"; sourceTree = "<group>"; };
		23E175A816265F1300B5E7A3 /* en */ = {isa = PBXFileReference; lastKnownFileType = text.plist.strings; name = en; path = en.lproj/InfoPlist.strings; sourceTree = "<group>"; };
		23E175AA16265F1300B5E7A3 /* main.m */ = {isa = PBXFileReference; lastKnownFileType = sourcecode.c.objc; path = main.m; sourceTree = "<group>"; };
		23E175AC16265F1300B5E7A3 /* nla-music-Prefix.pch */ = {isa = PBXFileReference; lastKnownFileType = sourcecode.c.h; path = "nla-music-Prefix.pch"; sourceTree = "<group>"; };
		23E175B716265F1300B5E7A3 /* en */ = {isa = PBXFileReference; lastKnownFileType = file.storyboard; name = en; path = en.lproj/MainStoryboard.storyboard; sourceTree = "<group>"; };
		23E175D01626744200B5E7A3 /* CoreData.framework */ = {isa = PBXFileReference; lastKnownFileType = wrapper.framework; name = CoreData.framework; path = System/Library/Frameworks/CoreData.framework; sourceTree = SDKROOT; };
		23E175D4162674A300B5E7A3 /* Model.xcdatamodel */ = {isa = PBXFileReference; lastKnownFileType = wrapper.xcdatamodel; path = Model.xcdatamodel; sourceTree = "<group>"; };
		23F837611627B0BB0002126E /* MUSAppDelegate.h */ = {isa = PBXFileReference; fileEncoding = 4; lastKnownFileType = sourcecode.c.h; path = MUSAppDelegate.h; sourceTree = "<group>"; };
		23F837621627B0BB0002126E /* MUSAppDelegate.m */ = {isa = PBXFileReference; fileEncoding = 4; lastKnownFileType = sourcecode.c.objc; path = MUSAppDelegate.m; sourceTree = "<group>"; };
		23F837671627B1C40002126E /* MUSScoreCell.h */ = {isa = PBXFileReference; fileEncoding = 4; lastKnownFileType = sourcecode.c.h; name = MUSScoreCell.h; path = Views/MUSScoreCell.h; sourceTree = "<group>"; };
		23F837681627B1C40002126E /* MUSScoreCell.m */ = {isa = PBXFileReference; fileEncoding = 4; lastKnownFileType = sourcecode.c.objc; name = MUSScoreCell.m; path = Views/MUSScoreCell.m; sourceTree = "<group>"; };
		23FAD2C5166861A9004DC2CF /* noise.png */ = {isa = PBXFileReference; lastKnownFileType = image.png; path = noise.png; sourceTree = "<group>"; };
		23FAD2C6166861A9004DC2CF /* noise@2x.png */ = {isa = PBXFileReference; lastKnownFileType = image.png; path = "noise@2x.png"; sourceTree = "<group>"; };
		23FAD2CA16686627004DC2CF /* MUSDecadeControl.h */ = {isa = PBXFileReference; fileEncoding = 4; lastKnownFileType = sourcecode.c.h; name = MUSDecadeControl.h; path = Views/MUSDecadeControl.h; sourceTree = "<group>"; };
		23FAD2CB16686627004DC2CF /* MUSDecadeControl.m */ = {isa = PBXFileReference; fileEncoding = 4; lastKnownFileType = sourcecode.c.objc; name = MUSDecadeControl.m; path = Views/MUSDecadeControl.m; sourceTree = "<group>"; };
		23FAD2CE16686B87004DC2CF /* UIColor+NLAMusicColors.h */ = {isa = PBXFileReference; fileEncoding = 4; lastKnownFileType = sourcecode.c.h; name = "UIColor+NLAMusicColors.h"; path = "nla-music/Categories/UIColor+NLAMusicColors.h"; sourceTree = "<group>"; };
		23FAD2CF16686B87004DC2CF /* UIColor+NLAMusicColors.m */ = {isa = PBXFileReference; fileEncoding = 4; lastKnownFileType = sourcecode.c.objc; name = "UIColor+NLAMusicColors.m"; path = "nla-music/Categories/UIColor+NLAMusicColors.m"; sourceTree = "<group>"; };
		23FAD2D11668B79D004DC2CF /* MUSTimelineItemControl.h */ = {isa = PBXFileReference; fileEncoding = 4; lastKnownFileType = sourcecode.c.h; name = MUSTimelineItemControl.h; path = Views/MUSTimelineItemControl.h; sourceTree = "<group>"; };
		23FAD2D21668B79D004DC2CF /* MUSTimelineItemControl.m */ = {isa = PBXFileReference; fileEncoding = 4; lastKnownFileType = sourcecode.c.objc; name = MUSTimelineItemControl.m; path = Views/MUSTimelineItemControl.m; sourceTree = "<group>"; };
		23FAD2D41668C4F6004DC2CF /* star.png */ = {isa = PBXFileReference; lastKnownFileType = image.png; path = star.png; sourceTree = "<group>"; };
		23FAD2D51668C4F6004DC2CF /* star@2x.png */ = {isa = PBXFileReference; lastKnownFileType = image.png; path = "star@2x.png"; sourceTree = "<group>"; };
		23FAD2D81668C518004DC2CF /* MUSFavouritesControl.h */ = {isa = PBXFileReference; fileEncoding = 4; lastKnownFileType = sourcecode.c.h; name = MUSFavouritesControl.h; path = Views/MUSFavouritesControl.h; sourceTree = "<group>"; };
		23FAD2D91668C518004DC2CF /* MUSFavouritesControl.m */ = {isa = PBXFileReference; fileEncoding = 4; lastKnownFileType = sourcecode.c.objc; name = MUSFavouritesControl.m; path = Views/MUSFavouritesControl.m; sourceTree = "<group>"; };
/* End PBXFileReference section */

/* Begin PBXFrameworksBuildPhase section */
		23E1759716265F1300B5E7A3 /* Frameworks */ = {
			isa = PBXFrameworksBuildPhase;
			buildActionMask = 2147483647;
			files = (
				23E1759F16265F1300B5E7A3 /* UIKit.framework in Frameworks */,
				23E175A116265F1300B5E7A3 /* Foundation.framework in Frameworks */,
				23E175A316265F1300B5E7A3 /* CoreGraphics.framework in Frameworks */,
				23E175D21626744D00B5E7A3 /* CoreData.framework in Frameworks */,
				2304155C162D02EF001CC73B /* Twitter.framework in Frameworks */,
				23742902163BE7EE005368CC /* QuartzCore.framework in Frameworks */,
				230F3E93165ED97800D5BBD3 /* MobileCoreServices.framework in Frameworks */,
				230F3E94165ED97800D5BBD3 /* SystemConfiguration.framework in Frameworks */,
			);
			runOnlyForDeploymentPostprocessing = 0;
		};
/* End PBXFrameworksBuildPhase section */

/* Begin PBXGroup section */
		2394E94A1627C1AC00E5851E /* Segues */ = {
			isa = PBXGroup;
			children = (
				2394E94C1627C1CD00E5851E /* MUSFadeInSegue.h */,
				2394E94D1627C1CD00E5851E /* MUSFadeInSegue.m */,
			);
			name = Segues;
			sourceTree = "<group>";
		};
		2394E968162BBD6E00E5851E /* photos */ = {
			isa = PBXGroup;
			children = (
				2394E96A162BBD6E00E5851E /* resources */,
				2394E96C162BBD6E00E5851E /* src */,
			);
			name = photos;
			path = "3rd Party/nimbus/src/photos";
			sourceTree = "<group>";
		};
		2394E96A162BBD6E00E5851E /* resources */ = {
			isa = PBXGroup;
			children = (
				2394E96B162BBD6E00E5851E /* NimbusPhotos.bundle */,
			);
			path = resources;
			sourceTree = "<group>";
		};
		2394E96C162BBD6E00E5851E /* src */ = {
			isa = PBXGroup;
			children = (
				2394E96D162BBD6E00E5851E /* NimbusPhotos+Namespace.h */,
				2394E96E162BBD6E00E5851E /* NimbusPhotos.h */,
				2394E96F162BBD6E00E5851E /* NIPhotoAlbumScrollView.h */,
				2394E970162BBD6E00E5851E /* NIPhotoAlbumScrollView.m */,
				2394E971162BBD6E00E5851E /* NIPhotoAlbumScrollViewDataSource.h */,
				2394E972162BBD6E00E5851E /* NIPhotoAlbumScrollViewDelegate.h */,
				2394E973162BBD6E00E5851E /* NIPhotoScrollView.h */,
				2394E974162BBD6E00E5851E /* NIPhotoScrollView.m */,
				2394E975162BBD6E00E5851E /* NIPhotoScrollViewDelegate.h */,
				2394E976162BBD6E00E5851E /* NIPhotoScrollViewPhotoSize.h */,
				2394E977162BBD6E00E5851E /* NIPhotoScrubberView.h */,
				2394E978162BBD6E00E5851E /* NIPhotoScrubberView.m */,
				2394E979162BBD6E00E5851E /* NIToolbarPhotoViewController.h */,
				2394E97A162BBD6E00E5851E /* NIToolbarPhotoViewController.m */,
			);
			path = src;
			sourceTree = "<group>";
		};
		2394E987162BBD8C00E5851E /* pagingscrollview */ = {
			isa = PBXGroup;
			children = (
				2394E989162BBD8C00E5851E /* src */,
			);
			name = pagingscrollview;
			path = "3rd Party/nimbus/src/pagingscrollview";
			sourceTree = "<group>";
		};
		2394E989162BBD8C00E5851E /* src */ = {
			isa = PBXGroup;
			children = (
				2394E98A162BBD8C00E5851E /* NimbusPagingScrollView+Namespace.h */,
				2394E98B162BBD8C00E5851E /* NimbusPagingScrollView.h */,
				2394E98C162BBD8C00E5851E /* NIPageView.h */,
				2394E98D162BBD8C00E5851E /* NIPageView.m */,
				2394E98E162BBD8C00E5851E /* NIPagingScrollView.h */,
				2394E98F162BBD8C00E5851E /* NIPagingScrollView.m */,
				2394E990162BBD8C00E5851E /* NIPagingScrollViewDataSource.h */,
				2394E991162BBD8C00E5851E /* NIPagingScrollViewDelegate.h */,
				2394E992162BBD8C00E5851E /* NIPagingScrollViewPage.h */,
			);
			path = src;
			sourceTree = "<group>";
		};
		239B825D166A0FE400C2F9FC /* reachability */ = {
			isa = PBXGroup;
			children = (
				239B825E166A101600C2F9FC /* Reachability.h */,
				239B825F166A101600C2F9FC /* Reachability.m */,
			);
			name = reachability;
			sourceTree = "<group>";
		};
		239D044D16267FE50065BDEF /* Data */ = {
			isa = PBXGroup;
			children = (
				239D044E16267FFC0065BDEF /* data.sqlite */,
			);
			name = Data;
			sourceTree = "<group>";
		};
		239D0450162690AA0065BDEF /* Other Controllers */ = {
			isa = PBXGroup;
			children = (
				239D0451162690CD0065BDEF /* MUSDataController.h */,
				239D0452162690CD0065BDEF /* MUSDataController.m */,
				23828EF21632AD5D008D6166 /* NLAOpenArchiveController.h */,
				23828EF31632AD5D008D6166 /* NLAOpenArchiveController.m */,
				23828EF91632AF8F008D6166 /* NLAItemInformation.h */,
				23828EFA1632AF8F008D6166 /* NLAItemInformation.m */,
			);
			name = "Other Controllers";
			sourceTree = "<group>";
		};
		239D046A162790F50065BDEF /* 3rd Party */ = {
			isa = PBXGroup;
			children = (
				239B825D166A0FE400C2F9FC /* reachability */,
				239D046B162791060065BDEF /* nimbus */,
			);
			name = "3rd Party";
			sourceTree = "<group>";
		};
		239D046B162791060065BDEF /* nimbus */ = {
			isa = PBXGroup;
			children = (
				2394E987162BBD8C00E5851E /* pagingscrollview */,
				2394E968162BBD6E00E5851E /* photos */,
				239D056216279B6A0065BDEF /* thirdparty */,
				239D04DA16279B140065BDEF /* networkimage */,
				239D046C162791CF0065BDEF /* core */,
			);
			name = nimbus;
			sourceTree = "<group>";
		};
		239D046C162791CF0065BDEF /* core */ = {
			isa = PBXGroup;
			children = (
				239D0470162791CF0065BDEF /* src */,
			);
			name = core;
			path = "3rd Party/nimbus/src/core";
			sourceTree = "<group>";
		};
		239D0470162791CF0065BDEF /* src */ = {
			isa = PBXGroup;
			children = (
				239D0471162791CF0065BDEF /* NICommonMetrics.h */,
				239D0472162791CF0065BDEF /* NICommonMetrics.m */,
				239D0473162791CF0065BDEF /* NIDataStructures.h */,
				239D0474162791CF0065BDEF /* NIDataStructures.m */,
				239D0475162791CF0065BDEF /* NIDebuggingTools.h */,
				239D0476162791CF0065BDEF /* NIDebuggingTools.m */,
				239D0477162791CF0065BDEF /* NIDeviceOrientation.h */,
				239D0478162791CF0065BDEF /* NIDeviceOrientation.m */,
				239D0479162791CF0065BDEF /* NIError.h */,
				239D047A162791CF0065BDEF /* NIError.m */,
				239D047B162791CF0065BDEF /* NIFoundationMethods.h */,
				239D047C162791CF0065BDEF /* NIFoundationMethods.m */,
				239D047D162791CF0065BDEF /* NIInMemoryCache.h */,
				239D047E162791CF0065BDEF /* NIInMemoryCache.m */,
				239D047F162791CF0065BDEF /* NimbusCore+Additions.h */,
				239D0480162791CF0065BDEF /* NimbusCore+Namespace.h */,
				239D0481162791CF0065BDEF /* NimbusCore.h */,
				239D0482162791CF0065BDEF /* NINavigationAppearance.h */,
				239D0483162791CF0065BDEF /* NINavigationAppearance.m */,
				239D0484162791CF0065BDEF /* NINetworkActivity.h */,
				239D0485162791CF0065BDEF /* NINetworkActivity.m */,
				239D0486162791CF0065BDEF /* NINonEmptyCollectionTesting.h */,
				239D0487162791CF0065BDEF /* NINonEmptyCollectionTesting.m */,
				239D0488162791CF0065BDEF /* NINonRetainingCollections.h */,
				239D0489162791CF0065BDEF /* NINonRetainingCollections.m */,
				239D048A162791CF0065BDEF /* NIOperations+Subclassing.h */,
				239D048B162791CF0065BDEF /* NIOperations.h */,
				239D048C162791CF0065BDEF /* NIOperations.m */,
				239D048D162791CF0065BDEF /* NIPaths.h */,
				239D048E162791CF0065BDEF /* NIPaths.m */,
				239D048F162791CF0065BDEF /* NIPreprocessorMacros.h */,
				239D0490162791CF0065BDEF /* NIRuntimeClassModifications.h */,
				239D0491162791CF0065BDEF /* NIRuntimeClassModifications.m */,
				239D0492162791CF0065BDEF /* NISDKAvailability.h */,
				239D0493162791CF0065BDEF /* NISDKAvailability.m */,
				239D0494162791CF0065BDEF /* NISnapshotRotation.h */,
				239D0495162791CF0065BDEF /* NISnapshotRotation.m */,
				239D0496162791CF0065BDEF /* NIState.h */,
				239D0497162791CF0065BDEF /* NIState.m */,
				239D0498162791CF0065BDEF /* NIViewRecycler.h */,
				239D0499162791CF0065BDEF /* NIViewRecycler.m */,
				239D049A162791CF0065BDEF /* NSString+NimbusCore.h */,
				239D049B162791CF0065BDEF /* NSString+NimbusCore.m */,
			);
			path = src;
			sourceTree = "<group>";
		};
		239D04DA16279B140065BDEF /* networkimage */ = {
			isa = PBXGroup;
			children = (
				239D04DC16279B140065BDEF /* src */,
			);
			name = networkimage;
			path = "3rd Party/nimbus/src/networkimage";
			sourceTree = "<group>";
		};
		239D04DC16279B140065BDEF /* src */ = {
			isa = PBXGroup;
			children = (
				239D04DD16279B140065BDEF /* NIImageProcessing.h */,
				239D04DE16279B140065BDEF /* NIImageProcessing.m */,
				239D04DF16279B140065BDEF /* NimbusNetworkImage+Namespace.h */,
				239D04E016279B140065BDEF /* NimbusNetworkImage.h */,
				239D04E116279B140065BDEF /* NINetworkImageView.h */,
				239D04E216279B140065BDEF /* NINetworkImageView.m */,
			);
			path = src;
			sourceTree = "<group>";
		};
		239D056216279B6A0065BDEF /* thirdparty */ = {
			isa = PBXGroup;
			children = (
				239D056316279B790065BDEF /* AFNetworking */,
			);
			name = thirdparty;
			sourceTree = "<group>";
		};
		239D056316279B790065BDEF /* AFNetworking */ = {
			isa = PBXGroup;
			children = (
				239D056416279B790065BDEF /* AFHTTPClient.h */,
				239D056516279B790065BDEF /* AFHTTPClient.m */,
				239D056616279B790065BDEF /* AFHTTPRequestOperation.h */,
				239D056716279B790065BDEF /* AFHTTPRequestOperation.m */,
				239D056816279B790065BDEF /* AFImageRequestOperation.h */,
				239D056916279B790065BDEF /* AFImageRequestOperation.m */,
				239D056A16279B790065BDEF /* AFJSONRequestOperation.h */,
				239D056B16279B790065BDEF /* AFJSONRequestOperation.m */,
				239D056C16279B790065BDEF /* AFNetworkActivityIndicatorManager.h */,
				239D056D16279B790065BDEF /* AFNetworkActivityIndicatorManager.m */,
				239D056E16279B790065BDEF /* AFNetworking.h */,
				239D056F16279B790065BDEF /* AFPropertyListRequestOperation.h */,
				239D057016279B790065BDEF /* AFPropertyListRequestOperation.m */,
				239D057116279B790065BDEF /* AFURLConnectionOperation.h */,
				239D057216279B790065BDEF /* AFURLConnectionOperation.m */,
				239D057316279B790065BDEF /* AFXMLRequestOperation.h */,
				239D057416279B790065BDEF /* AFXMLRequestOperation.m */,
				239D057516279B790065BDEF /* UIImageView+AFNetworking.h */,
				239D057616279B790065BDEF /* UIImageView+AFNetworking.m */,
			);
			name = AFNetworking;
			path = "3rd Party/nimbus/thirdparty/AFNetworking/AFNetworking";
			sourceTree = "<group>";
		};
		239D058016279BAE0065BDEF /* Views */ = {
			isa = PBXGroup;
			children = (
				23F837671627B1C40002126E /* MUSScoreCell.h */,
				23F837681627B1C40002126E /* MUSScoreCell.m */,
				2380F795163DFBEB001286EC /* MUSComposerCell.h */,
				2380F796163DFBEB001286EC /* MUSComposerCell.m */,
				230F3EA2165F41F500D5BBD3 /* MUSAtoZIndexView.h */,
				230F3EA3165F41F500D5BBD3 /* MUSAtoZIndexView.m */,
				23FAD2D11668B79D004DC2CF /* MUSTimelineItemControl.h */,
				23FAD2D21668B79D004DC2CF /* MUSTimelineItemControl.m */,
				23FAD2CA16686627004DC2CF /* MUSDecadeControl.h */,
				23FAD2CB16686627004DC2CF /* MUSDecadeControl.m */,
				23FAD2D81668C518004DC2CF /* MUSFavouritesControl.h */,
				23FAD2D91668C518004DC2CF /* MUSFavouritesControl.m */,
			);
			name = Views;
			sourceTree = "<group>";
		};
		239D05841627A4240065BDEF /* Images */ = {
			isa = PBXGroup;
			children = (
				23925F6E166B546E00EDCF7F /* nla.mus-an5892255-s1.jpg */,
				23925F6F166B546E00EDCF7F /* nla.mus-an5892255-s1@2x.jpg */,
				23925F70166B546E00EDCF7F /* nla.mus-an5892255-s2.jpg */,
				23925F71166B546E00EDCF7F /* nla.mus-an5892255-s2@2x.jpg */,
				23925F72166B546E00EDCF7F /* nla.mus-an5892255-s3.jpg */,
				23925F73166B546E00EDCF7F /* nla.mus-an5892255-s3@2x.jpg */,
				23925F74166B546E00EDCF7F /* nla.mus-an5892255-s4.jpg */,
				23925F75166B546E00EDCF7F /* nla.mus-an5892255-s4@2x.jpg */,
				239B8274166B48E700C2F9FC /* Default-Portrait@2x~ipad.png */,
				239B8278166B4A6900C2F9FC /* Default-Portrait~ipad.png */,
				239B8261166A16EB00C2F9FC /* score_placeholder.png */,
				239B8262166A16EB00C2F9FC /* score_placeholder@2x.png */,
				239B8258166A07E100C2F9FC /* small_note.png */,
				239B8259166A07E100C2F9FC /* small_note@2x.png */,
				2394E99B162BC05D00E5851E /* icon72.png */,
				2394E99C162BC05D00E5851E /* icon144.png */,
				239D05851627A4240065BDEF /* thumbnail_placeholder.png */,
				239D05861627A4240065BDEF /* thumbnail_placeholder@2x.png */,
				2304155D162D0DF2001CC73B /* share_icon.png */,
				2304155E162D0DF2001CC73B /* share_icon@2x.png */,
				23041565162D5FDC001CC73B /* fav_icon_selected.png */,
				23041566162D5FDC001CC73B /* fav_icon_selected@2x.png */,
				23041567162D5FDC001CC73B /* fav_icon.png */,
				23041568162D5FDC001CC73B /* fav_icon@2x.png */,
				23FAD2C5166861A9004DC2CF /* noise.png */,
				23FAD2C6166861A9004DC2CF /* noise@2x.png */,
				23FAD2D41668C4F6004DC2CF /* star.png */,
				23FAD2D51668C4F6004DC2CF /* star@2x.png */,
			);
			path = Images;
			sourceTree = "<group>";
		};
		23E1758F16265F1300B5E7A3 = {
			isa = PBXGroup;
			children = (
				23E175A416265F1300B5E7A3 /* nla-music */,
				23E1759D16265F1300B5E7A3 /* Frameworks */,
				23E1759B16265F1300B5E7A3 /* Products */,
			);
			sourceTree = "<group>";
		};
		23E1759B16265F1300B5E7A3 /* Products */ = {
			isa = PBXGroup;
			children = (
				23E1759A16265F1300B5E7A3 /* nla-music.app */,
			);
			name = Products;
			sourceTree = "<group>";
		};
		23E1759D16265F1300B5E7A3 /* Frameworks */ = {
			isa = PBXGroup;
			children = (
				23E1759E16265F1300B5E7A3 /* UIKit.framework */,
				23E175A016265F1300B5E7A3 /* Foundation.framework */,
				23E175A216265F1300B5E7A3 /* CoreGraphics.framework */,
				23E175D01626744200B5E7A3 /* CoreData.framework */,
				23041559162D02E7001CC73B /* Twitter.framework */,
				23742900163BE7DF005368CC /* QuartzCore.framework */,
				230F3E91165ED95F00D5BBD3 /* MobileCoreServices.framework */,
				230F3E8E165ED95900D5BBD3 /* SystemConfiguration.framework */,
			);
			name = Frameworks;
			sourceTree = "<group>";
		};
		23E175A416265F1300B5E7A3 /* nla-music */ = {
			isa = PBXGroup;
			children = (
				23F837611627B0BB0002126E /* MUSAppDelegate.h */,
				23F837621627B0BB0002126E /* MUSAppDelegate.m */,
				23E175C816266DDC00B5E7A3 /* Storyboards */,
				2394E94A1627C1AC00E5851E /* Segues */,
				23E175C716266DD100B5E7A3 /* Model */,
				239D058016279BAE0065BDEF /* Views */,
				23E175C616266DC900B5E7A3 /* View Controllers */,
				239D0450162690AA0065BDEF /* Other Controllers */,
				23FAD2CD16686B56004DC2CF /* Categories */,
				23E175A516265F1300B5E7A3 /* Supporting Files */,
				239D046A162790F50065BDEF /* 3rd Party */,
			);
			path = "nla-music";
			sourceTree = "<group>";
		};
		23E175A516265F1300B5E7A3 /* Supporting Files */ = {
			isa = PBXGroup;
			children = (
				239D05841627A4240065BDEF /* Images */,
				239D044D16267FE50065BDEF /* Data */,
				23E175A616265F1300B5E7A3 /* nla-music-Info.plist */,
				23E175A716265F1300B5E7A3 /* InfoPlist.strings */,
				23E175AA16265F1300B5E7A3 /* main.m */,
				23E175AC16265F1300B5E7A3 /* nla-music-Prefix.pch */,
			);
			name = "Supporting Files";
			sourceTree = "<group>";
		};
		23E175C616266DC900B5E7A3 /* View Controllers */ = {
			isa = PBXGroup;
			children = (
				23788CE016437E3800519C8B /* MUSSplitViewController.h */,
				23788CE116437E3800519C8B /* MUSSplitViewController.m */,
				2394E95C162824C000E5851E /* MUSTimelineViewController.h */,
				2394E95D162824C000E5851E /* MUSTimelineViewController.m */,
				235F3B21162EA8850067B5AD /* MUSScoreCollectionViewController.h */,
				235F3B22162EA8850067B5AD /* MUSScoreCollectionViewController.m */,
				235F3B24162EB42B0067B5AD /* MUSDecadeScoreCollectionViewController.h */,
				235F3B25162EB42C0067B5AD /* MUSDecadeScoreCollectionViewController.m */,
				235F3B1D162EA8530067B5AD /* MUSFavouriteScoreCollectionViewController.h */,
				235F3B1E162EA8530067B5AD /* MUSFavouriteScoreCollectionViewController.m */,
				2394E94F1627C36800E5851E /* MUSScoreViewController.h */,
				2394E9501627C36800E5851E /* MUSScoreViewController.m */,
				237428FC163A18CE005368CC /* MUSComposersTableViewController.h */,
				237428FD163A18CE005368CC /* MUSComposersTableViewController.m */,
			);
			name = "View Controllers";
			sourceTree = "<group>";
		};
		23E175C716266DD100B5E7A3 /* Model */ = {
			isa = PBXGroup;
			children = (
				239D046416277B9D0065BDEF /* _Page.h */,
				239D046516277B9D0065BDEF /* _Page.m */,
				239D046616277B9D0065BDEF /* _Score.h */,
				239D046716277B9D0065BDEF /* _Score.m */,
				239D045C16277B5D0065BDEF /* Page.h */,
				239D045D16277B5D0065BDEF /* Page.m */,
				239D045E16277B5D0065BDEF /* Score.h */,
				239D045F16277B5D0065BDEF /* Score.m */,
				23E175D3162674A300B5E7A3 /* Model.xcdatamodeld */,
			);
			name = Model;
			sourceTree = "<group>";
		};
		23E175C816266DDC00B5E7A3 /* Storyboards */ = {
			isa = PBXGroup;
			children = (
				23E175B616265F1300B5E7A3 /* MainStoryboard.storyboard */,
			);
			name = Storyboards;
			sourceTree = "<group>";
		};
		23FAD2CD16686B56004DC2CF /* Categories */ = {
			isa = PBXGroup;
			children = (
				23FAD2CE16686B87004DC2CF /* UIColor+NLAMusicColors.h */,
				23FAD2CF16686B87004DC2CF /* UIColor+NLAMusicColors.m */,
			);
			name = Categories;
			path = ..;
			sourceTree = "<group>";
		};
/* End PBXGroup section */

/* Begin PBXNativeTarget section */
		23E1759916265F1300B5E7A3 /* nla-music */ = {
			isa = PBXNativeTarget;
			buildConfigurationList = 23E175BE16265F1300B5E7A3 /* Build configuration list for PBXNativeTarget "nla-music" */;
			buildPhases = (
				23E1759616265F1300B5E7A3 /* Sources */,
				23E1759716265F1300B5E7A3 /* Frameworks */,
				23E1759816265F1300B5E7A3 /* Resources */,
			);
			buildRules = (
				239D043F162679D30065BDEF /* PBXBuildRule */,
			);
			dependencies = (
			);
			name = "nla-music";
			productName = "nla-music";
			productReference = 23E1759A16265F1300B5E7A3 /* nla-music.app */;
			productType = "com.apple.product-type.application";
		};
/* End PBXNativeTarget section */

/* Begin PBXProject section */
		23E1759116265F1300B5E7A3 /* Project object */ = {
			isa = PBXProject;
			attributes = {
				CLASSPREFIX = JMM;
				LastUpgradeCheck = 0450;
				ORGANIZATIONNAME = "Jake MacMullin";
			};
			buildConfigurationList = 23E1759416265F1300B5E7A3 /* Build configuration list for PBXProject "nla-music" */;
			compatibilityVersion = "Xcode 3.2";
			developmentRegion = English;
			hasScannedForEncodings = 0;
			knownRegions = (
				en,
			);
			mainGroup = 23E1758F16265F1300B5E7A3;
			productRefGroup = 23E1759B16265F1300B5E7A3 /* Products */;
			projectDirPath = "";
			projectRoot = "";
			targets = (
				23E1759916265F1300B5E7A3 /* nla-music */,
			);
		};
/* End PBXProject section */

/* Begin PBXResourcesBuildPhase section */
		23E1759816265F1300B5E7A3 /* Resources */ = {
			isa = PBXResourcesBuildPhase;
			buildActionMask = 2147483647;
			files = (
				23E175A916265F1300B5E7A3 /* InfoPlist.strings in Resources */,
				23E175B816265F1300B5E7A3 /* MainStoryboard.storyboard in Resources */,
				239D044F16267FFC0065BDEF /* data.sqlite in Resources */,
				239D05871627A4240065BDEF /* thumbnail_placeholder.png in Resources */,
				239D05881627A4240065BDEF /* thumbnail_placeholder@2x.png in Resources */,
				2394E97F162BBD6E00E5851E /* NimbusPhotos.bundle in Resources */,
				2394E99D162BC05D00E5851E /* icon72.png in Resources */,
				2394E99E162BC05D00E5851E /* icon144.png in Resources */,
				2304155F162D0DF2001CC73B /* share_icon.png in Resources */,
				23041560162D0DF2001CC73B /* share_icon@2x.png in Resources */,
				23041569162D5FDC001CC73B /* fav_icon_selected.png in Resources */,
				2304156A162D5FDC001CC73B /* fav_icon_selected@2x.png in Resources */,
				2304156B162D5FDC001CC73B /* fav_icon.png in Resources */,
				2304156C162D5FDC001CC73B /* fav_icon@2x.png in Resources */,
				23FAD2C7166861A9004DC2CF /* noise.png in Resources */,
				23FAD2C8166861A9004DC2CF /* noise@2x.png in Resources */,
				23FAD2D61668C4F6004DC2CF /* star.png in Resources */,
				23FAD2D71668C4F6004DC2CF /* star@2x.png in Resources */,
				239B825A166A07E100C2F9FC /* small_note.png in Resources */,
				239B825B166A07E100C2F9FC /* small_note@2x.png in Resources */,
				239B8263166A16EB00C2F9FC /* score_placeholder.png in Resources */,
				239B8264166A16EB00C2F9FC /* score_placeholder@2x.png in Resources */,
				239B8276166B48E700C2F9FC /* Default-Portrait@2x~ipad.png in Resources */,
				239B8279166B4A6900C2F9FC /* Default-Portrait~ipad.png in Resources */,
				23925F76166B546E00EDCF7F /* nla.mus-an5892255-s1.jpg in Resources */,
				23925F77166B546E00EDCF7F /* nla.mus-an5892255-s1@2x.jpg in Resources */,
				23925F78166B546E00EDCF7F /* nla.mus-an5892255-s2.jpg in Resources */,
				23925F79166B546E00EDCF7F /* nla.mus-an5892255-s2@2x.jpg in Resources */,
				23925F7A166B546E00EDCF7F /* nla.mus-an5892255-s3.jpg in Resources */,
				23925F7B166B546E00EDCF7F /* nla.mus-an5892255-s3@2x.jpg in Resources */,
				23925F7C166B546E00EDCF7F /* nla.mus-an5892255-s4.jpg in Resources */,
				23925F7D166B546E00EDCF7F /* nla.mus-an5892255-s4@2x.jpg in Resources */,
			);
			runOnlyForDeploymentPostprocessing = 0;
		};
/* End PBXResourcesBuildPhase section */

/* Begin PBXSourcesBuildPhase section */
		23E1759616265F1300B5E7A3 /* Sources */ = {
			isa = PBXSourcesBuildPhase;
			buildActionMask = 2147483647;
			files = (
				23E175AB16265F1300B5E7A3 /* main.m in Sources */,
				23E175D5162674A300B5E7A3 /* Model.xcdatamodeld in Sources */,
				239D0453162690CD0065BDEF /* MUSDataController.m in Sources */,
				239D046216277B5D0065BDEF /* Page.m in Sources */,
				239D046316277B5D0065BDEF /* Score.m in Sources */,
				239D046816277B9D0065BDEF /* _Page.m in Sources */,
				239D046916277B9D0065BDEF /* _Score.m in Sources */,
				239D04AE162791CF0065BDEF /* NICommonMetrics.m in Sources */,
				239D04AF162791CF0065BDEF /* NIDataStructures.m in Sources */,
				239D04B0162791CF0065BDEF /* NIDebuggingTools.m in Sources */,
				239D04B1162791CF0065BDEF /* NIDeviceOrientation.m in Sources */,
				239D04B2162791CF0065BDEF /* NIError.m in Sources */,
				239D04B3162791CF0065BDEF /* NIFoundationMethods.m in Sources */,
				239D04B4162791CF0065BDEF /* NIInMemoryCache.m in Sources */,
				239D04B5162791CF0065BDEF /* NINavigationAppearance.m in Sources */,
				239D04B6162791CF0065BDEF /* NINetworkActivity.m in Sources */,
				239D04B7162791CF0065BDEF /* NINonEmptyCollectionTesting.m in Sources */,
				239D04B8162791CF0065BDEF /* NINonRetainingCollections.m in Sources */,
				239D04B9162791CF0065BDEF /* NIOperations.m in Sources */,
				239D04BA162791CF0065BDEF /* NIPaths.m in Sources */,
				239D04BB162791CF0065BDEF /* NIRuntimeClassModifications.m in Sources */,
				239D04BC162791CF0065BDEF /* NISDKAvailability.m in Sources */,
				239D04BD162791CF0065BDEF /* NISnapshotRotation.m in Sources */,
				239D04BE162791CF0065BDEF /* NIState.m in Sources */,
				239D04BF162791CF0065BDEF /* NIViewRecycler.m in Sources */,
				239D04C0162791CF0065BDEF /* NSString+NimbusCore.m in Sources */,
				239D04E716279B140065BDEF /* NIImageProcessing.m in Sources */,
				239D04E816279B140065BDEF /* NINetworkImageView.m in Sources */,
				239D057716279B790065BDEF /* AFHTTPClient.m in Sources */,
				239D057816279B790065BDEF /* AFHTTPRequestOperation.m in Sources */,
				239D057916279B790065BDEF /* AFImageRequestOperation.m in Sources */,
				239D057A16279B790065BDEF /* AFJSONRequestOperation.m in Sources */,
				239D057B16279B790065BDEF /* AFNetworkActivityIndicatorManager.m in Sources */,
				239D057C16279B790065BDEF /* AFPropertyListRequestOperation.m in Sources */,
				239D057D16279B790065BDEF /* AFURLConnectionOperation.m in Sources */,
				239D057E16279B790065BDEF /* AFXMLRequestOperation.m in Sources */,
				239D057F16279B790065BDEF /* UIImageView+AFNetworking.m in Sources */,
				23F837631627B0BB0002126E /* MUSAppDelegate.m in Sources */,
				23F837691627B1C40002126E /* MUSScoreCell.m in Sources */,
				2394E94E1627C1CD00E5851E /* MUSFadeInSegue.m in Sources */,
				2394E9511627C36800E5851E /* MUSScoreViewController.m in Sources */,
				2394E95E162824C000E5851E /* MUSTimelineViewController.m in Sources */,
				2394E980162BBD6E00E5851E /* NIPhotoAlbumScrollView.m in Sources */,
				2394E981162BBD6E00E5851E /* NIPhotoScrollView.m in Sources */,
				2394E982162BBD6E00E5851E /* NIPhotoScrubberView.m in Sources */,
				2394E983162BBD6E00E5851E /* NIToolbarPhotoViewController.m in Sources */,
				2394E997162BBD8C00E5851E /* NIPageView.m in Sources */,
				2394E998162BBD8C00E5851E /* NIPagingScrollView.m in Sources */,
				235F3B1F162EA8530067B5AD /* MUSFavouriteScoreCollectionViewController.m in Sources */,
				235F3B23162EA8850067B5AD /* MUSScoreCollectionViewController.m in Sources */,
				235F3B26162EB42C0067B5AD /* MUSDecadeScoreCollectionViewController.m in Sources */,
				23828EF41632AD5D008D6166 /* NLAOpenArchiveController.m in Sources */,
				23828EFB1632AF8F008D6166 /* NLAItemInformation.m in Sources */,
				237428FE163A18CE005368CC /* MUSComposersTableViewController.m in Sources */,
				2380F797163DFBEB001286EC /* MUSComposerCell.m in Sources */,
				23788CE216437E3800519C8B /* MUSSplitViewController.m in Sources */,
				230F3EA4165F41F500D5BBD3 /* MUSAtoZIndexView.m in Sources */,
				23FAD2CC16686627004DC2CF /* MUSDecadeControl.m in Sources */,
				23FAD2D016686B87004DC2CF /* UIColor+NLAMusicColors.m in Sources */,
				23FAD2D31668B79D004DC2CF /* MUSTimelineItemControl.m in Sources */,
				23FAD2DA1668C518004DC2CF /* MUSFavouritesControl.m in Sources */,
				239B8260166A101600C2F9FC /* Reachability.m in Sources */,
			);
			runOnlyForDeploymentPostprocessing = 0;
		};
/* End PBXSourcesBuildPhase section */

/* Begin PBXVariantGroup section */
		23E175A716265F1300B5E7A3 /* InfoPlist.strings */ = {
			isa = PBXVariantGroup;
			children = (
				23E175A816265F1300B5E7A3 /* en */,
			);
			name = InfoPlist.strings;
			sourceTree = "<group>";
		};
		23E175B616265F1300B5E7A3 /* MainStoryboard.storyboard */ = {
			isa = PBXVariantGroup;
			children = (
				23E175B716265F1300B5E7A3 /* en */,
			);
			name = MainStoryboard.storyboard;
			sourceTree = "<group>";
		};
/* End PBXVariantGroup section */

/* Begin XCBuildConfiguration section */
		2359CDFA1638FAB500E9A34C /* AdHoc Release */ = {
			isa = XCBuildConfiguration;
			buildSettings = {
				ALWAYS_SEARCH_USER_PATHS = NO;
				CLANG_CXX_LANGUAGE_STANDARD = "gnu++0x";
				CLANG_CXX_LIBRARY = "libc++";
				CLANG_ENABLE_OBJC_ARC = YES;
				CLANG_WARN_EMPTY_BODY = YES;
				CLANG_WARN__DUPLICATE_METHOD_MATCH = YES;
				"CODE_SIGN_IDENTITY[sdk=iphoneos*]" = "iPhone Distribution: Jake MacMullin";
				COPY_PHASE_STRIP = YES;
				GCC_C_LANGUAGE_STANDARD = gnu99;
				GCC_TREAT_WARNINGS_AS_ERRORS = YES;
				GCC_WARN_ABOUT_RETURN_TYPE = YES;
				GCC_WARN_PEDANTIC = NO;
				GCC_WARN_UNINITIALIZED_AUTOS = YES;
				GCC_WARN_UNUSED_VARIABLE = YES;
				IPHONEOS_DEPLOYMENT_TARGET = 6.0;
				OTHER_CFLAGS = "-DNS_BLOCK_ASSERTIONS=1";
				"PROVISIONING_PROFILE[sdk=iphoneos*]" = "E54924D5-F636-4459-A0F8-F11AD9EA568A";
				SDKROOT = iphoneos;
				TARGETED_DEVICE_FAMILY = 2;
				VALIDATE_PRODUCT = YES;
			};
			name = "AdHoc Release";
		};
		2359CDFB1638FAB500E9A34C /* AdHoc Release */ = {
			isa = XCBuildConfiguration;
			buildSettings = {
				GCC_PRECOMPILE_PREFIX_HEADER = YES;
				GCC_PREFIX_HEADER = "nla-music/nla-music-Prefix.pch";
				INFOPLIST_FILE = "nla-music/nla-music-Info.plist";
				PRODUCT_NAME = "$(TARGET_NAME)";
				WRAPPER_EXTENSION = app;
			};
			name = "AdHoc Release";
		};
		23E175BC16265F1300B5E7A3 /* Debug */ = {
			isa = XCBuildConfiguration;
			buildSettings = {
				ALWAYS_SEARCH_USER_PATHS = NO;
				CLANG_CXX_LANGUAGE_STANDARD = "gnu++0x";
				CLANG_CXX_LIBRARY = "libc++";
				CLANG_ENABLE_OBJC_ARC = YES;
				CLANG_WARN_EMPTY_BODY = YES;
				CLANG_WARN__DUPLICATE_METHOD_MATCH = YES;
				"CODE_SIGN_IDENTITY[sdk=iphoneos*]" = "iPhone Developer";
				COPY_PHASE_STRIP = NO;
				GCC_C_LANGUAGE_STANDARD = gnu99;
				GCC_DYNAMIC_NO_PIC = NO;
				GCC_OPTIMIZATION_LEVEL = 0;
				GCC_PREPROCESSOR_DEFINITIONS = (
					"DEBUG=1",
					"$(inherited)",
				);
				GCC_SYMBOLS_PRIVATE_EXTERN = NO;
				GCC_TREAT_WARNINGS_AS_ERRORS = YES;
				GCC_WARN_ABOUT_RETURN_TYPE = YES;
				GCC_WARN_PEDANTIC = NO;
				GCC_WARN_UNINITIALIZED_AUTOS = YES;
				GCC_WARN_UNUSED_VARIABLE = YES;
				IPHONEOS_DEPLOYMENT_TARGET = 6.0;
				SDKROOT = iphoneos;
				TARGETED_DEVICE_FAMILY = 2;
			};
			name = Debug;
		};
		23E175BD16265F1300B5E7A3 /* Release */ = {
			isa = XCBuildConfiguration;
			buildSettings = {
				ALWAYS_SEARCH_USER_PATHS = NO;
				CLANG_CXX_LANGUAGE_STANDARD = "gnu++0x";
				CLANG_CXX_LIBRARY = "libc++";
				CLANG_ENABLE_OBJC_ARC = YES;
				CLANG_WARN_EMPTY_BODY = YES;
				CLANG_WARN__DUPLICATE_METHOD_MATCH = YES;
				"CODE_SIGN_IDENTITY[sdk=iphoneos*]" = "iPhone Developer";
				COPY_PHASE_STRIP = YES;
				GCC_C_LANGUAGE_STANDARD = gnu99;
				GCC_TREAT_WARNINGS_AS_ERRORS = YES;
				GCC_WARN_ABOUT_RETURN_TYPE = YES;
				GCC_WARN_PEDANTIC = NO;
				GCC_WARN_UNINITIALIZED_AUTOS = YES;
				GCC_WARN_UNUSED_VARIABLE = YES;
				IPHONEOS_DEPLOYMENT_TARGET = 6.0;
				OTHER_CFLAGS = "-DNS_BLOCK_ASSERTIONS=1";
				SDKROOT = iphoneos;
				TARGETED_DEVICE_FAMILY = 2;
				VALIDATE_PRODUCT = YES;
			};
			name = Release;
		};
		23E175BF16265F1300B5E7A3 /* Debug */ = {
			isa = XCBuildConfiguration;
			buildSettings = {
				GCC_PRECOMPILE_PREFIX_HEADER = YES;
				GCC_PREFIX_HEADER = "nla-music/nla-music-Prefix.pch";
				INFOPLIST_FILE = "nla-music/nla-music-Info.plist";
				PRODUCT_NAME = "$(TARGET_NAME)";
				WRAPPER_EXTENSION = app;
			};
			name = Debug;
		};
		23E175C016265F1300B5E7A3 /* Release */ = {
			isa = XCBuildConfiguration;
			buildSettings = {
				GCC_PRECOMPILE_PREFIX_HEADER = YES;
				GCC_PREFIX_HEADER = "nla-music/nla-music-Prefix.pch";
				INFOPLIST_FILE = "nla-music/nla-music-Info.plist";
				PRODUCT_NAME = "$(TARGET_NAME)";
				WRAPPER_EXTENSION = app;
			};
			name = Release;
		};
/* End XCBuildConfiguration section */

/* Begin XCConfigurationList section */
		23E1759416265F1300B5E7A3 /* Build configuration list for PBXProject "nla-music" */ = {
			isa = XCConfigurationList;
			buildConfigurations = (
				23E175BC16265F1300B5E7A3 /* Debug */,
				23E175BD16265F1300B5E7A3 /* Release */,
				2359CDFA1638FAB500E9A34C /* AdHoc Release */,
			);
			defaultConfigurationIsVisible = 0;
			defaultConfigurationName = Release;
		};
		23E175BE16265F1300B5E7A3 /* Build configuration list for PBXNativeTarget "nla-music" */ = {
			isa = XCConfigurationList;
			buildConfigurations = (
				23E175BF16265F1300B5E7A3 /* Debug */,
				23E175C016265F1300B5E7A3 /* Release */,
				2359CDFB1638FAB500E9A34C /* AdHoc Release */,
			);
			defaultConfigurationIsVisible = 0;
			defaultConfigurationName = Release;
		};
/* End XCConfigurationList section */

/* Begin XCVersionGroup section */
		23E175D3162674A300B5E7A3 /* Model.xcdatamodeld */ = {
			isa = XCVersionGroup;
			children = (
				23E175D4162674A300B5E7A3 /* Model.xcdatamodel */,
			);
			currentVersion = 23E175D4162674A300B5E7A3 /* Model.xcdatamodel */;
			name = Model.xcdatamodeld;
			path = Model/Model.xcdatamodeld;
			sourceTree = "<group>";
			versionGroupType = wrapper.xcdatamodel;
		};
/* End XCVersionGroup section */
	};
	rootObject = 23E1759116265F1300B5E7A3 /* Project object */;
}
